// !$*UTF8*$!
{
	archiveVersion = 1;
	classes = {
	};
	objectVersion = 56;
	objects = {

/* Begin PBXBuildFile section */
		3809B3E92A89C6E400B34E5D /* Brand.swift in Sources */ = {isa = PBXBuildFile; fileRef = 3809B3E82A89C6E400B34E5D /* Brand.swift */; };
		3809B3EB2A89C86E00B34E5D /* DetailViewModel.swift in Sources */ = {isa = PBXBuildFile; fileRef = 3809B3EA2A89C86E00B34E5D /* DetailViewModel.swift */; };
		3809B3ED2A89C89800B34E5D /* ProductDetail.swift in Sources */ = {isa = PBXBuildFile; fileRef = 3809B3EC2A89C89800B34E5D /* ProductDetail.swift */; };
		3809B3EF2A89DBE000B34E5D /* ProductReview.swift in Sources */ = {isa = PBXBuildFile; fileRef = 3809B3EE2A89DBE000B34E5D /* ProductReview.swift */; };
		3809B3F12A89E41200B34E5D /* DateTimeUtils.swift in Sources */ = {isa = PBXBuildFile; fileRef = 3809B3F02A89E41200B34E5D /* DateTimeUtils.swift */; };
		3809B3F32A8A000000B34E5D /* ApiService.swift in Sources */ = {isa = PBXBuildFile; fileRef = 3809B3F22A8A000000B34E5D /* ApiService.swift */; };
		3809B3F52A8A093700B34E5D /* SessionManager.swift in Sources */ = {isa = PBXBuildFile; fileRef = 3809B3F42A8A093700B34E5D /* SessionManager.swift */; };
		3809B3F72A8A143800B34E5D /* UserRegister.swift in Sources */ = {isa = PBXBuildFile; fileRef = 3809B3F62A8A143800B34E5D /* UserRegister.swift */; };
		380A5A642A9F31BE00887845 /* VerificationCodeViewModel.swift in Sources */ = {isa = PBXBuildFile; fileRef = 380A5A632A9F31BE00887845 /* VerificationCodeViewModel.swift */; };
		380A5A662A9F3CD800887845 /* ForgotPasswordViewModel.swift in Sources */ = {isa = PBXBuildFile; fileRef = 380A5A652A9F3CD800887845 /* ForgotPasswordViewModel.swift */; };
		380B4BE52A82019900297B62 /* PaymentViewController.swift in Sources */ = {isa = PBXBuildFile; fileRef = 380B4BE42A82019900297B62 /* PaymentViewController.swift */; };
		380B4BE82A8202FC00297B62 /* PaymentCardTableViewCell.swift in Sources */ = {isa = PBXBuildFile; fileRef = 380B4BE62A8202FC00297B62 /* PaymentCardTableViewCell.swift */; };
		380B4BE92A8202FC00297B62 /* PaymentCardTableViewCell.xib in Resources */ = {isa = PBXBuildFile; fileRef = 380B4BE72A8202FC00297B62 /* PaymentCardTableViewCell.xib */; };
		380B4BEB2A820B6400297B62 /* PaymentCardCollectionViewCell.swift in Sources */ = {isa = PBXBuildFile; fileRef = 380B4BEA2A820B6400297B62 /* PaymentCardCollectionViewCell.swift */; };
		380B4BEE2A822C5E00297B62 /* PaymentAddCardTableViewCell.swift in Sources */ = {isa = PBXBuildFile; fileRef = 380B4BEC2A822C5E00297B62 /* PaymentAddCardTableViewCell.swift */; };
		380B4BEF2A822C5E00297B62 /* PaymentAddCardTableViewCell.xib in Resources */ = {isa = PBXBuildFile; fileRef = 380B4BED2A822C5E00297B62 /* PaymentAddCardTableViewCell.xib */; };
		3815361B2A8C706500104367 /* EmptyTableViewCell.swift in Sources */ = {isa = PBXBuildFile; fileRef = 381536192A8C706500104367 /* EmptyTableViewCell.swift */; };
		3815361C2A8C706500104367 /* EmptyTableViewCell.xib in Resources */ = {isa = PBXBuildFile; fileRef = 3815361A2A8C706500104367 /* EmptyTableViewCell.xib */; };
		3815361E2A8C82AF00104367 /* Profile.swift in Sources */ = {isa = PBXBuildFile; fileRef = 3815361D2A8C82AF00104367 /* Profile.swift */; };
		3815A69B2A8DA3F40067BABA /* CartDetailViewModel.swift in Sources */ = {isa = PBXBuildFile; fileRef = 3815A69A2A8DA3F40067BABA /* CartDetailViewModel.swift */; };
		3815A69D2A8DAC060067BABA /* Address.swift in Sources */ = {isa = PBXBuildFile; fileRef = 3815A69C2A8DAC060067BABA /* Address.swift */; };
		3815A69F2A8DB4A00067BABA /* ListAddressViewModel.swift in Sources */ = {isa = PBXBuildFile; fileRef = 3815A69E2A8DB4A00067BABA /* ListAddressViewModel.swift */; };
		3815A6A12A8DB92C0067BABA /* AddressViewModel.swift in Sources */ = {isa = PBXBuildFile; fileRef = 3815A6A02A8DB92C0067BABA /* AddressViewModel.swift */; };
		3815A6A32A8E0C570067BABA /* AddCardViewModel.swift in Sources */ = {isa = PBXBuildFile; fileRef = 3815A6A22A8E0C570067BABA /* AddCardViewModel.swift */; };
		3815A6A52A8E12BB0067BABA /* ResponseError.swift in Sources */ = {isa = PBXBuildFile; fileRef = 3815A6A42A8E12BB0067BABA /* ResponseError.swift */; };
		3817D67A2A7202A10074D911 /* RoundedButton.swift in Sources */ = {isa = PBXBuildFile; fileRef = 3817D6792A7202A10074D911 /* RoundedButton.swift */; };
		38256BB12A8F5D0C003BBFED /* Wishlist.swift in Sources */ = {isa = PBXBuildFile; fileRef = 38256BB02A8F5D0C003BBFED /* Wishlist.swift */; };
		3825DC6E2A7F700800239E55 /* SnackBar in Frameworks */ = {isa = PBXBuildFile; productRef = 3825DC6D2A7F700800239E55 /* SnackBar */; };
		3825DC702A7F705000239E55 /* CustomSnackBar.swift in Sources */ = {isa = PBXBuildFile; fileRef = 3825DC6F2A7F705000239E55 /* CustomSnackBar.swift */; };
		382640222A76911D00744726 /* SideMenuViewController.swift in Sources */ = {isa = PBXBuildFile; fileRef = 382640212A76911D00744726 /* SideMenuViewController.swift */; };
		382640242A7695CE00744726 /* SideMenuTableViewCell.swift in Sources */ = {isa = PBXBuildFile; fileRef = 382640232A7695CE00744726 /* SideMenuTableViewCell.swift */; };
		382F77392A7BFC350076248F /* CustomSecureTextField.swift in Sources */ = {isa = PBXBuildFile; fileRef = 382F77382A7BFC350076248F /* CustomSecureTextField.swift */; };
		38311EF02A9444C700979523 /* EditProfileViewController.swift in Sources */ = {isa = PBXBuildFile; fileRef = 38311EEF2A9444C700979523 /* EditProfileViewController.swift */; };
		38311EF22A94580400979523 /* EditProfileViewModel.swift in Sources */ = {isa = PBXBuildFile; fileRef = 38311EF12A94580400979523 /* EditProfileViewModel.swift */; };
		38311EF42A945ECA00979523 /* ProfileViewModel.swift in Sources */ = {isa = PBXBuildFile; fileRef = 38311EF32A945ECA00979523 /* ProfileViewModel.swift */; };
		38311EF62A94631E00979523 /* Media.swift in Sources */ = {isa = PBXBuildFile; fileRef = 38311EF52A94631E00979523 /* Media.swift */; };
		38311EF82A948CA300979523 /* ImageUtils.swift in Sources */ = {isa = PBXBuildFile; fileRef = 38311EF72A948CA300979523 /* ImageUtils.swift */; };
		38323EFC2A808285000732A0 /* Checkout.storyboard in Resources */ = {isa = PBXBuildFile; fileRef = 38323EFB2A808285000732A0 /* Checkout.storyboard */; };
		38323EFF2A8088AD000732A0 /* CartTableViewCell.swift in Sources */ = {isa = PBXBuildFile; fileRef = 38323EFD2A8088AD000732A0 /* CartTableViewCell.swift */; };
		38323F002A8088AD000732A0 /* CartTableViewCell.xib in Resources */ = {isa = PBXBuildFile; fileRef = 38323EFE2A8088AD000732A0 /* CartTableViewCell.xib */; };
		38323F022A80A10D000732A0 /* ListViewItem.swift in Sources */ = {isa = PBXBuildFile; fileRef = 38323F012A80A10D000732A0 /* ListViewItem.swift */; };
		38323F042A80A11D000732A0 /* ListViewItem.xib in Resources */ = {isa = PBXBuildFile; fileRef = 38323F032A80A11D000732A0 /* ListViewItem.xib */; };
		383F896C2A7CB35700C41BE7 /* SideMenuProfileTableViewCell.swift in Sources */ = {isa = PBXBuildFile; fileRef = 383F896B2A7CB35700C41BE7 /* SideMenuProfileTableViewCell.swift */; };
		383F896E2A7CB36300C41BE7 /* SideMenuProfileTableViewCell.xib in Resources */ = {isa = PBXBuildFile; fileRef = 383F896D2A7CB36300C41BE7 /* SideMenuProfileTableViewCell.xib */; };
		383F89702A7CDC3000C41BE7 /* SideMenuView.swift in Sources */ = {isa = PBXBuildFile; fileRef = 383F896F2A7CDC3000C41BE7 /* SideMenuView.swift */; };
		38445CCF2A96F4B500AAB33D /* GoogleSignIn in Frameworks */ = {isa = PBXBuildFile; productRef = 38445CCE2A96F4B500AAB33D /* GoogleSignIn */; };
		3847AE1E2A8473BC00C8D4E5 /* ChoosePaymentViewController.swift in Sources */ = {isa = PBXBuildFile; fileRef = 3847AE1D2A8473BC00C8D4E5 /* ChoosePaymentViewController.swift */; };
		3847AE212A84757700C8D4E5 /* ChoosePaymentTableViewCell.swift in Sources */ = {isa = PBXBuildFile; fileRef = 3847AE1F2A84757700C8D4E5 /* ChoosePaymentTableViewCell.swift */; };
		3847AE222A84757700C8D4E5 /* ChoosePaymentTableViewCell.xib in Resources */ = {isa = PBXBuildFile; fileRef = 3847AE202A84757700C8D4E5 /* ChoosePaymentTableViewCell.xib */; };
		3847AE242A84799400C8D4E5 /* ChoosePaymentViewModel.swift in Sources */ = {isa = PBXBuildFile; fileRef = 3847AE232A84799400C8D4E5 /* ChoosePaymentViewModel.swift */; };
		3847AE262A8479BC00C8D4E5 /* PaymentMethod.swift in Sources */ = {isa = PBXBuildFile; fileRef = 3847AE252A8479BC00C8D4E5 /* PaymentMethod.swift */; };
		384C4D012A7CAD9800B85BFF /* SideMenuSwitchTableViewCell.swift in Sources */ = {isa = PBXBuildFile; fileRef = 384C4D002A7CAD9800B85BFF /* SideMenuSwitchTableViewCell.swift */; };
		385D01942AA43A6D0037184C /* ChangePasswordViewController.swift in Sources */ = {isa = PBXBuildFile; fileRef = 385D01932AA43A6D0037184C /* ChangePasswordViewController.swift */; };
		385D01962AA43A7E0037184C /* ChangePasswordViewModel.swift in Sources */ = {isa = PBXBuildFile; fileRef = 385D01952AA43A7E0037184C /* ChangePasswordViewModel.swift */; };
		385D01992AA476B10037184C /* LazaModel.xcdatamodeld in Sources */ = {isa = PBXBuildFile; fileRef = 385D01972AA476B10037184C /* LazaModel.xcdatamodeld */; };
		386272B02A7A854800962892 /* FontUtils.swift in Sources */ = {isa = PBXBuildFile; fileRef = 386272AF2A7A854800962892 /* FontUtils.swift */; };
		386272B32A7A882200962892 /* ReviewTableViewCell.swift in Sources */ = {isa = PBXBuildFile; fileRef = 386272B12A7A882200962892 /* ReviewTableViewCell.swift */; };
		386272B42A7A882200962892 /* ReviewTableViewCell.xib in Resources */ = {isa = PBXBuildFile; fileRef = 386272B22A7A882200962892 /* ReviewTableViewCell.xib */; };
		386272B62A7A903400962892 /* ColorUtils.swift in Sources */ = {isa = PBXBuildFile; fileRef = 386272B52A7A903400962892 /* ColorUtils.swift */; };
		3873C97C2AA06B3B006AA648 /* SkeletonView in Frameworks */ = {isa = PBXBuildFile; productRef = 3873C97B2AA06B3B006AA648 /* SkeletonView */; };
		387A466F2A80A9F5007C3653 /* CartDetailViewController.swift in Sources */ = {isa = PBXBuildFile; fileRef = 387A466E2A80A9F5007C3653 /* CartDetailViewController.swift */; };
		387A6D2F2A7C88E100358DE8 /* AddReviewViewController.swift in Sources */ = {isa = PBXBuildFile; fileRef = 387A6D2E2A7C88E100358DE8 /* AddReviewViewController.swift */; };
		387A6D312A7C8F2200358DE8 /* CustomSlider.swift in Sources */ = {isa = PBXBuildFile; fileRef = 387A6D302A7C8F2200358DE8 /* CustomSlider.swift */; };
		387D4D792A78A51900022959 /* DynamicHeightCollectionView.swift in Sources */ = {isa = PBXBuildFile; fileRef = 387D4D782A78A51900022959 /* DynamicHeightCollectionView.swift */; };
		387D4D7B2A78F45200022959 /* DetailThumbnailCollectionViewCell.swift in Sources */ = {isa = PBXBuildFile; fileRef = 387D4D7A2A78F45200022959 /* DetailThumbnailCollectionViewCell.swift */; };
		3891B5752A829B4600B1CB88 /* ProductBrandViewController.swift in Sources */ = {isa = PBXBuildFile; fileRef = 3891B5742A829B4600B1CB88 /* ProductBrandViewController.swift */; };
		3891B5772A82A15000B1CB88 /* ProductBrandViewModel.swift in Sources */ = {isa = PBXBuildFile; fileRef = 3891B5762A82A15000B1CB88 /* ProductBrandViewModel.swift */; };
		3891B5792A82AD0600B1CB88 /* WishlistViewModel.swift in Sources */ = {isa = PBXBuildFile; fileRef = 3891B5782A82AD0600B1CB88 /* WishlistViewModel.swift */; };
		389CFE272AA81AE800916252 /* UpdateCardViewController.swift in Sources */ = {isa = PBXBuildFile; fileRef = 389CFE262AA81AE800916252 /* UpdateCardViewController.swift */; };
		389CFE292AA81B1B00916252 /* UpdateCardViewModel.swift in Sources */ = {isa = PBXBuildFile; fileRef = 389CFE282AA81B1B00916252 /* UpdateCardViewModel.swift */; };
		389CFE2B2AA8507B00916252 /* LoadingViewController.swift in Sources */ = {isa = PBXBuildFile; fileRef = 389CFE2A2AA8507B00916252 /* LoadingViewController.swift */; };
		389F25002A8283FE006E6C4B /* PaymentFormTableViewCell.swift in Sources */ = {isa = PBXBuildFile; fileRef = 389F24FE2A8283FE006E6C4B /* PaymentFormTableViewCell.swift */; };
		389F25012A8283FE006E6C4B /* PaymentFormTableViewCell.xib in Resources */ = {isa = PBXBuildFile; fileRef = 389F24FF2A8283FE006E6C4B /* PaymentFormTableViewCell.xib */; };
		38A7DD652A750E9E002564AB /* UpdatePasswordViewController.swift in Sources */ = {isa = PBXBuildFile; fileRef = 38A7DD642A750E9E002564AB /* UpdatePasswordViewController.swift */; };
		38A7DD672A750F75002564AB /* UpdatePasswordViewModel.swift in Sources */ = {isa = PBXBuildFile; fileRef = 38A7DD662A750F75002564AB /* UpdatePasswordViewModel.swift */; };
		38A9E4382A74FE4000ACBBFD /* StarterViewController.swift in Sources */ = {isa = PBXBuildFile; fileRef = 38A9E4372A74FE4000ACBBFD /* StarterViewController.swift */; };
		38B05D582A80E09400DC3F8B /* AddressViewController.swift in Sources */ = {isa = PBXBuildFile; fileRef = 38B05D572A80E09400DC3F8B /* AddressViewController.swift */; };
		38B05D5A2A80E0B600DC3F8B /* AddCardViewController.swift in Sources */ = {isa = PBXBuildFile; fileRef = 38B05D592A80E0B500DC3F8B /* AddCardViewController.swift */; };
		38B05D5C2A80E0D300DC3F8B /* OrderConfirmedViewController.swift in Sources */ = {isa = PBXBuildFile; fileRef = 38B05D5B2A80E0D300DC3F8B /* OrderConfirmedViewController.swift */; };
		38B76D4A2A73B6B800C5DA0B /* DetailViewController.swift in Sources */ = {isa = PBXBuildFile; fileRef = 38B76D492A73B6B800C5DA0B /* DetailViewController.swift */; };
		38B7C54F2A90778B006FE010 /* ProfileViewController.swift in Sources */ = {isa = PBXBuildFile; fileRef = 38B7C54E2A90778B006FE010 /* ProfileViewController.swift */; };
		38B8F0FF2A7215F3003DA0CE /* RoundedView.swift in Sources */ = {isa = PBXBuildFile; fileRef = 38B8F0FE2A7215F3003DA0CE /* RoundedView.swift */; };
		38B8F1012A721615003DA0CE /* RoundedImageView.swift in Sources */ = {isa = PBXBuildFile; fileRef = 38B8F1002A721615003DA0CE /* RoundedImageView.swift */; };
		38BD6D842A95C19000E5BFEF /* CartViewModel.swift in Sources */ = {isa = PBXBuildFile; fileRef = 38BD6D832A95C19000E5BFEF /* CartViewModel.swift */; };
		38BD6D862A95C2EF00E5BFEF /* Cart.swift in Sources */ = {isa = PBXBuildFile; fileRef = 38BD6D852A95C2EF00E5BFEF /* Cart.swift */; };
		38BD6D882A95E6E000E5BFEF /* ProductSize.swift in Sources */ = {isa = PBXBuildFile; fileRef = 38BD6D872A95E6E000E5BFEF /* ProductSize.swift */; };
		38C51DBB2A7152BC000324A5 /* ForgotPasswordViewController.swift in Sources */ = {isa = PBXBuildFile; fileRef = 38C51DBA2A7152BC000324A5 /* ForgotPasswordViewController.swift */; };
		38C51DBD2A71559B000324A5 /* Home.storyboard in Resources */ = {isa = PBXBuildFile; fileRef = 38C51DBC2A71559B000324A5 /* Home.storyboard */; };
		38C51DBF2A7155CE000324A5 /* HomeViewController.swift in Sources */ = {isa = PBXBuildFile; fileRef = 38C51DBE2A7155CE000324A5 /* HomeViewController.swift */; };
		38C51DC12A7156E7000324A5 /* WishlistViewController.swift in Sources */ = {isa = PBXBuildFile; fileRef = 38C51DC02A7156E7000324A5 /* WishlistViewController.swift */; };
		38C51DC32A715840000324A5 /* CartViewController.swift in Sources */ = {isa = PBXBuildFile; fileRef = 38C51DC22A715840000324A5 /* CartViewController.swift */; };
		38C51DC52A715849000324A5 /* WalletViewController.swift in Sources */ = {isa = PBXBuildFile; fileRef = 38C51DC42A715849000324A5 /* WalletViewController.swift */; };
		38C51DC72A715A29000324A5 /* Extensions.swift in Sources */ = {isa = PBXBuildFile; fileRef = 38C51DC62A715A29000324A5 /* Extensions.swift */; };
		38C51DC92A715F45000324A5 /* MainTabBarViewController.swift in Sources */ = {isa = PBXBuildFile; fileRef = 38C51DC82A715F45000324A5 /* MainTabBarViewController.swift */; };
		38C51DCC2A7169C4000324A5 /* NetworkManager.swift in Sources */ = {isa = PBXBuildFile; fileRef = 38C51DCB2A7169C4000324A5 /* NetworkManager.swift */; };
		38CB717E2AA7231F00655854 /* Order.swift in Sources */ = {isa = PBXBuildFile; fileRef = 38CB717D2AA7231F00655854 /* Order.swift */; };
		38D11ACA2A7B8AD9008ED926 /* ReviewsHeaderTableViewCell.swift in Sources */ = {isa = PBXBuildFile; fileRef = 38D11AC82A7B8AD9008ED926 /* ReviewsHeaderTableViewCell.swift */; };
		38D11ACB2A7B8AD9008ED926 /* ReviewsHeaderTableViewCell.xib in Resources */ = {isa = PBXBuildFile; fileRef = 38D11AC92A7B8AD9008ED926 /* ReviewsHeaderTableViewCell.xib */; };
		38D11ACD2A7B9055008ED926 /* AllReviewsViewController.swift in Sources */ = {isa = PBXBuildFile; fileRef = 38D11ACC2A7B9055008ED926 /* AllReviewsViewController.swift */; };
		38D11AD12A7BA923008ED926 /* Poppins-SemiBold.ttf in Resources */ = {isa = PBXBuildFile; fileRef = 38D11ACE2A7BA922008ED926 /* Poppins-SemiBold.ttf */; };
		38D11AD22A7BA923008ED926 /* Poppins-Bold.ttf in Resources */ = {isa = PBXBuildFile; fileRef = 38D11ACF2A7BA922008ED926 /* Poppins-Bold.ttf */; };
		38D11AD32A7BA923008ED926 /* Poppins-Regular.ttf in Resources */ = {isa = PBXBuildFile; fileRef = 38D11AD02A7BA922008ED926 /* Poppins-Regular.ttf */; };
		38D1DE362A74ACB8002AB0ED /* DataPersistentManager.swift in Sources */ = {isa = PBXBuildFile; fileRef = 38D1DE352A74ACB8002AB0ED /* DataPersistentManager.swift */; };
		38D1DE382A74ADD9002AB0ED /* HashingManager.swift in Sources */ = {isa = PBXBuildFile; fileRef = 38D1DE372A74ADD9002AB0ED /* HashingManager.swift */; };
		38D1DE3A2A74AED2002AB0ED /* Password.swift in Sources */ = {isa = PBXBuildFile; fileRef = 38D1DE392A74AED1002AB0ED /* Password.swift */; };
		38D1DE3C2A74B55B002AB0ED /* SignUpViewModel.swift in Sources */ = {isa = PBXBuildFile; fileRef = 38D1DE3B2A74B55B002AB0ED /* SignUpViewModel.swift */; };
		38D1DE3E2A74BE7E002AB0ED /* LoginViewModel.swift in Sources */ = {isa = PBXBuildFile; fileRef = 38D1DE3D2A74BE7E002AB0ED /* LoginViewModel.swift */; };
		38D1DE402A74C5A6002AB0ED /* RegExManager.swift in Sources */ = {isa = PBXBuildFile; fileRef = 38D1DE3F2A74C5A6002AB0ED /* RegExManager.swift */; };
		38D1DE422A74CA54002AB0ED /* UserLogin.swift in Sources */ = {isa = PBXBuildFile; fileRef = 38D1DE412A74CA54002AB0ED /* UserLogin.swift */; };
		38D1DE462A74E342002AB0ED /* HomeViewModel.swift in Sources */ = {isa = PBXBuildFile; fileRef = 38D1DE452A74E342002AB0ED /* HomeViewModel.swift */; };
		38D86EC02A8B53C8006B0AF3 /* AllReviewsViewModel.swift in Sources */ = {isa = PBXBuildFile; fileRef = 38D86EBF2A8B53C8006B0AF3 /* AllReviewsViewModel.swift */; };
		38D86EC22A8B6D34006B0AF3 /* AddReviewViewModel.swift in Sources */ = {isa = PBXBuildFile; fileRef = 38D86EC12A8B6D34006B0AF3 /* AddReviewViewModel.swift */; };
		38DBEB902A7E82C1003BC9F3 /* SideMenu in Frameworks */ = {isa = PBXBuildFile; productRef = 38DBEB8F2A7E82C1003BC9F3 /* SideMenu */; };
		38DBEB922A7E8FA8003BC9F3 /* VerificationCodeViewController.swift in Sources */ = {isa = PBXBuildFile; fileRef = 38DBEB912A7E8FA8003BC9F3 /* VerificationCodeViewController.swift */; };
		38DCC6662A70A8B7006A3633 /* AppDelegate.swift in Sources */ = {isa = PBXBuildFile; fileRef = 38DCC6652A70A8B7006A3633 /* AppDelegate.swift */; };
		38DCC6682A70A8B7006A3633 /* SceneDelegate.swift in Sources */ = {isa = PBXBuildFile; fileRef = 38DCC6672A70A8B7006A3633 /* SceneDelegate.swift */; };
		38DCC66D2A70A8B7006A3633 /* Main.storyboard in Resources */ = {isa = PBXBuildFile; fileRef = 38DCC66B2A70A8B7006A3633 /* Main.storyboard */; };
		38DCC66F2A70A8B8006A3633 /* Assets.xcassets in Resources */ = {isa = PBXBuildFile; fileRef = 38DCC66E2A70A8B8006A3633 /* Assets.xcassets */; };
		38DCC6722A70A8B8006A3633 /* LaunchScreen.storyboard in Resources */ = {isa = PBXBuildFile; fileRef = 38DCC6702A70A8B8006A3633 /* LaunchScreen.storyboard */; };
		38DCC6822A70B6D8006A3633 /* Inter-SemiBold.ttf in Resources */ = {isa = PBXBuildFile; fileRef = 38DCC67E2A70B6D8006A3633 /* Inter-SemiBold.ttf */; };
		38DCC6832A70B6D8006A3633 /* Inter-Bold.ttf in Resources */ = {isa = PBXBuildFile; fileRef = 38DCC67F2A70B6D8006A3633 /* Inter-Bold.ttf */; };
		38DCC6842A70B6D8006A3633 /* Inter-Black.ttf in Resources */ = {isa = PBXBuildFile; fileRef = 38DCC6802A70B6D8006A3633 /* Inter-Black.ttf */; };
		38DCC6852A70B6D8006A3633 /* Inter-Regular.ttf in Resources */ = {isa = PBXBuildFile; fileRef = 38DCC6812A70B6D8006A3633 /* Inter-Regular.ttf */; };
		38DCC6872A70B9D7006A3633 /* Inter-Medium.ttf in Resources */ = {isa = PBXBuildFile; fileRef = 38DCC6862A70B9D7006A3633 /* Inter-Medium.ttf */; };
		38DCC6892A70D2C7006A3633 /* GetStartedViewController.swift in Sources */ = {isa = PBXBuildFile; fileRef = 38DCC6882A70D2C7006A3633 /* GetStartedViewController.swift */; };
		38DCC68B2A70D368006A3633 /* CircleButton.swift in Sources */ = {isa = PBXBuildFile; fileRef = 38DCC68A2A70D368006A3633 /* CircleButton.swift */; };
		38DFE87F2A77607500B1EE8F /* BrandTableViewCell.swift in Sources */ = {isa = PBXBuildFile; fileRef = 38DFE87E2A77607500B1EE8F /* BrandTableViewCell.swift */; };
		38DFE8812A77608700B1EE8F /* ProductTableViewCell.swift in Sources */ = {isa = PBXBuildFile; fileRef = 38DFE8802A77608700B1EE8F /* ProductTableViewCell.swift */; };
		38DFE8832A77B92F00B1EE8F /* IntrinsicTableViewCell.swift in Sources */ = {isa = PBXBuildFile; fileRef = 38DFE8822A77B92F00B1EE8F /* IntrinsicTableViewCell.swift */; };
		38E89D602A72EE8800BBDE14 /* Product.swift in Sources */ = {isa = PBXBuildFile; fileRef = 38E89D5F2A72EE8800BBDE14 /* Product.swift */; };
		38E89D622A72F0D900BBDE14 /* ProductCollectionViewCell.swift in Sources */ = {isa = PBXBuildFile; fileRef = 38E89D612A72F0D900BBDE14 /* ProductCollectionViewCell.swift */; };
		38EAD6CC2A83636900103947 /* PaymentViewModel.swift in Sources */ = {isa = PBXBuildFile; fileRef = 38EAD6CB2A83636900103947 /* PaymentViewModel.swift */; };
		38EAD6CE2A8363A700103947 /* CreditCard.swift in Sources */ = {isa = PBXBuildFile; fileRef = 38EAD6CD2A8363A700103947 /* CreditCard.swift */; };
		38EAD6D02A83743B00103947 /* WalletViewModel.swift in Sources */ = {isa = PBXBuildFile; fileRef = 38EAD6CF2A83743B00103947 /* WalletViewModel.swift */; };
		38EAD6D32A83773700103947 /* WalletTableViewCell.swift in Sources */ = {isa = PBXBuildFile; fileRef = 38EAD6D12A83773700103947 /* WalletTableViewCell.swift */; };
		38EAD6D62A83888300103947 /* ListAddressViewController.swift in Sources */ = {isa = PBXBuildFile; fileRef = 38EAD6D52A83888300103947 /* ListAddressViewController.swift */; };
		38EAD6D92A838B7B00103947 /* ListAddressItemTableViewCell.swift in Sources */ = {isa = PBXBuildFile; fileRef = 38EAD6D72A838B7B00103947 /* ListAddressItemTableViewCell.swift */; };
		38EAD6DA2A838B7B00103947 /* ListAddressItemTableViewCell.xib in Resources */ = {isa = PBXBuildFile; fileRef = 38EAD6D82A838B7B00103947 /* ListAddressItemTableViewCell.xib */; };
		38EF084B2A7A37260058021F /* DetailTableViewCell.swift in Sources */ = {isa = PBXBuildFile; fileRef = 38EF084A2A7A37260058021F /* DetailTableViewCell.swift */; };
		38F216032A7218B700952E65 /* BrandCollectionViewCell.swift in Sources */ = {isa = PBXBuildFile; fileRef = 38F216022A7218B700952E65 /* BrandCollectionViewCell.swift */; };
		38FB18D02A7A30A500733133 /* DetailSizeCollectionViewCell.swift in Sources */ = {isa = PBXBuildFile; fileRef = 38FB18CF2A7A30A500733133 /* DetailSizeCollectionViewCell.swift */; };
		38FBA1D32A9D8CE70055A97F /* EditAddressViewModel.swift in Sources */ = {isa = PBXBuildFile; fileRef = 38FBA1D22A9D8CE70055A97F /* EditAddressViewModel.swift */; };
		38FBA1D52A9D8D250055A97F /* EditAddressViewController.swift in Sources */ = {isa = PBXBuildFile; fileRef = 38FBA1D42A9D8D250055A97F /* EditAddressViewController.swift */; };
		38FF0E4A2A70F040009B406F /* CustomTextField.swift in Sources */ = {isa = PBXBuildFile; fileRef = 38FF0E492A70F040009B406F /* CustomTextField.swift */; };
		38FF0E4C2A70F478009B406F /* SignUpViewController.swift in Sources */ = {isa = PBXBuildFile; fileRef = 38FF0E4B2A70F478009B406F /* SignUpViewController.swift */; };
		38FF0E4E2A7103C2009B406F /* LoginViewController.swift in Sources */ = {isa = PBXBuildFile; fileRef = 38FF0E4D2A7103C2009B406F /* LoginViewController.swift */; };
		7A908E37D34E6B591851E7F9 /* Pods_Laza.framework in Frameworks */ = {isa = PBXBuildFile; fileRef = 95A3BF1CF116AB718DD6BD23 /* Pods_Laza.framework */; };
/* End PBXBuildFile section */

/* Begin PBXCopyFilesBuildPhase section */
		38FEE9A02A81F9FC00D2DDD8 /* Embed Frameworks */ = {
			isa = PBXCopyFilesBuildPhase;
			buildActionMask = 2147483647;
			dstPath = "";
			dstSubfolderSpec = 10;
			files = (
			);
			name = "Embed Frameworks";
			runOnlyForDeploymentPostprocessing = 0;
		};
/* End PBXCopyFilesBuildPhase section */

/* Begin PBXFileReference section */
		3809B3E82A89C6E400B34E5D /* Brand.swift */ = {isa = PBXFileReference; lastKnownFileType = sourcecode.swift; path = Brand.swift; sourceTree = "<group>"; };
		3809B3EA2A89C86E00B34E5D /* DetailViewModel.swift */ = {isa = PBXFileReference; lastKnownFileType = sourcecode.swift; path = DetailViewModel.swift; sourceTree = "<group>"; };
		3809B3EC2A89C89800B34E5D /* ProductDetail.swift */ = {isa = PBXFileReference; lastKnownFileType = sourcecode.swift; path = ProductDetail.swift; sourceTree = "<group>"; };
		3809B3EE2A89DBE000B34E5D /* ProductReview.swift */ = {isa = PBXFileReference; lastKnownFileType = sourcecode.swift; path = ProductReview.swift; sourceTree = "<group>"; };
		3809B3F02A89E41200B34E5D /* DateTimeUtils.swift */ = {isa = PBXFileReference; lastKnownFileType = sourcecode.swift; path = DateTimeUtils.swift; sourceTree = "<group>"; };
		3809B3F22A8A000000B34E5D /* ApiService.swift */ = {isa = PBXFileReference; lastKnownFileType = sourcecode.swift; path = ApiService.swift; sourceTree = "<group>"; };
		3809B3F42A8A093700B34E5D /* SessionManager.swift */ = {isa = PBXFileReference; lastKnownFileType = sourcecode.swift; path = SessionManager.swift; sourceTree = "<group>"; };
		3809B3F62A8A143800B34E5D /* UserRegister.swift */ = {isa = PBXFileReference; lastKnownFileType = sourcecode.swift; path = UserRegister.swift; sourceTree = "<group>"; };
		380A5A632A9F31BE00887845 /* VerificationCodeViewModel.swift */ = {isa = PBXFileReference; lastKnownFileType = sourcecode.swift; path = VerificationCodeViewModel.swift; sourceTree = "<group>"; };
		380A5A652A9F3CD800887845 /* ForgotPasswordViewModel.swift */ = {isa = PBXFileReference; lastKnownFileType = sourcecode.swift; path = ForgotPasswordViewModel.swift; sourceTree = "<group>"; };
		380B4BE42A82019900297B62 /* PaymentViewController.swift */ = {isa = PBXFileReference; lastKnownFileType = sourcecode.swift; path = PaymentViewController.swift; sourceTree = "<group>"; };
		380B4BE62A8202FC00297B62 /* PaymentCardTableViewCell.swift */ = {isa = PBXFileReference; lastKnownFileType = sourcecode.swift; path = PaymentCardTableViewCell.swift; sourceTree = "<group>"; };
		380B4BE72A8202FC00297B62 /* PaymentCardTableViewCell.xib */ = {isa = PBXFileReference; lastKnownFileType = file.xib; path = PaymentCardTableViewCell.xib; sourceTree = "<group>"; };
		380B4BEA2A820B6400297B62 /* PaymentCardCollectionViewCell.swift */ = {isa = PBXFileReference; lastKnownFileType = sourcecode.swift; path = PaymentCardCollectionViewCell.swift; sourceTree = "<group>"; };
		380B4BEC2A822C5E00297B62 /* PaymentAddCardTableViewCell.swift */ = {isa = PBXFileReference; lastKnownFileType = sourcecode.swift; path = PaymentAddCardTableViewCell.swift; sourceTree = "<group>"; };
		380B4BED2A822C5E00297B62 /* PaymentAddCardTableViewCell.xib */ = {isa = PBXFileReference; lastKnownFileType = file.xib; path = PaymentAddCardTableViewCell.xib; sourceTree = "<group>"; };
		381536192A8C706500104367 /* EmptyTableViewCell.swift */ = {isa = PBXFileReference; lastKnownFileType = sourcecode.swift; path = EmptyTableViewCell.swift; sourceTree = "<group>"; };
		3815361A2A8C706500104367 /* EmptyTableViewCell.xib */ = {isa = PBXFileReference; lastKnownFileType = file.xib; path = EmptyTableViewCell.xib; sourceTree = "<group>"; };
		3815361D2A8C82AF00104367 /* Profile.swift */ = {isa = PBXFileReference; lastKnownFileType = sourcecode.swift; path = Profile.swift; sourceTree = "<group>"; };
		3815A69A2A8DA3F40067BABA /* CartDetailViewModel.swift */ = {isa = PBXFileReference; lastKnownFileType = sourcecode.swift; path = CartDetailViewModel.swift; sourceTree = "<group>"; };
		3815A69C2A8DAC060067BABA /* Address.swift */ = {isa = PBXFileReference; lastKnownFileType = sourcecode.swift; path = Address.swift; sourceTree = "<group>"; };
		3815A69E2A8DB4A00067BABA /* ListAddressViewModel.swift */ = {isa = PBXFileReference; lastKnownFileType = sourcecode.swift; path = ListAddressViewModel.swift; sourceTree = "<group>"; };
		3815A6A02A8DB92C0067BABA /* AddressViewModel.swift */ = {isa = PBXFileReference; lastKnownFileType = sourcecode.swift; path = AddressViewModel.swift; sourceTree = "<group>"; };
		3815A6A22A8E0C570067BABA /* AddCardViewModel.swift */ = {isa = PBXFileReference; lastKnownFileType = sourcecode.swift; path = AddCardViewModel.swift; sourceTree = "<group>"; };
		3815A6A42A8E12BB0067BABA /* ResponseError.swift */ = {isa = PBXFileReference; lastKnownFileType = sourcecode.swift; path = ResponseError.swift; sourceTree = "<group>"; };
		3817D6792A7202A10074D911 /* RoundedButton.swift */ = {isa = PBXFileReference; lastKnownFileType = sourcecode.swift; path = RoundedButton.swift; sourceTree = "<group>"; };
		38256BB02A8F5D0C003BBFED /* Wishlist.swift */ = {isa = PBXFileReference; lastKnownFileType = sourcecode.swift; path = Wishlist.swift; sourceTree = "<group>"; };
		3825DC6F2A7F705000239E55 /* CustomSnackBar.swift */ = {isa = PBXFileReference; lastKnownFileType = sourcecode.swift; path = CustomSnackBar.swift; sourceTree = "<group>"; };
		382640212A76911D00744726 /* SideMenuViewController.swift */ = {isa = PBXFileReference; lastKnownFileType = sourcecode.swift; path = SideMenuViewController.swift; sourceTree = "<group>"; };
		382640232A7695CE00744726 /* SideMenuTableViewCell.swift */ = {isa = PBXFileReference; lastKnownFileType = sourcecode.swift; path = SideMenuTableViewCell.swift; sourceTree = "<group>"; };
		382F77382A7BFC350076248F /* CustomSecureTextField.swift */ = {isa = PBXFileReference; lastKnownFileType = sourcecode.swift; path = CustomSecureTextField.swift; sourceTree = "<group>"; };
		38311EEF2A9444C700979523 /* EditProfileViewController.swift */ = {isa = PBXFileReference; lastKnownFileType = sourcecode.swift; path = EditProfileViewController.swift; sourceTree = "<group>"; };
		38311EF12A94580400979523 /* EditProfileViewModel.swift */ = {isa = PBXFileReference; lastKnownFileType = sourcecode.swift; path = EditProfileViewModel.swift; sourceTree = "<group>"; };
		38311EF32A945ECA00979523 /* ProfileViewModel.swift */ = {isa = PBXFileReference; lastKnownFileType = sourcecode.swift; path = ProfileViewModel.swift; sourceTree = "<group>"; };
		38311EF52A94631E00979523 /* Media.swift */ = {isa = PBXFileReference; lastKnownFileType = sourcecode.swift; path = Media.swift; sourceTree = "<group>"; };
		38311EF72A948CA300979523 /* ImageUtils.swift */ = {isa = PBXFileReference; lastKnownFileType = sourcecode.swift; path = ImageUtils.swift; sourceTree = "<group>"; };
		38323EFB2A808285000732A0 /* Checkout.storyboard */ = {isa = PBXFileReference; lastKnownFileType = file.storyboard; path = Checkout.storyboard; sourceTree = "<group>"; };
		38323EFD2A8088AD000732A0 /* CartTableViewCell.swift */ = {isa = PBXFileReference; lastKnownFileType = sourcecode.swift; path = CartTableViewCell.swift; sourceTree = "<group>"; };
		38323EFE2A8088AD000732A0 /* CartTableViewCell.xib */ = {isa = PBXFileReference; lastKnownFileType = file.xib; path = CartTableViewCell.xib; sourceTree = "<group>"; };
		38323F012A80A10D000732A0 /* ListViewItem.swift */ = {isa = PBXFileReference; lastKnownFileType = sourcecode.swift; path = ListViewItem.swift; sourceTree = "<group>"; };
		38323F032A80A11D000732A0 /* ListViewItem.xib */ = {isa = PBXFileReference; lastKnownFileType = file.xib; path = ListViewItem.xib; sourceTree = "<group>"; };
		383F896B2A7CB35700C41BE7 /* SideMenuProfileTableViewCell.swift */ = {isa = PBXFileReference; lastKnownFileType = sourcecode.swift; path = SideMenuProfileTableViewCell.swift; sourceTree = "<group>"; };
		383F896D2A7CB36300C41BE7 /* SideMenuProfileTableViewCell.xib */ = {isa = PBXFileReference; lastKnownFileType = file.xib; path = SideMenuProfileTableViewCell.xib; sourceTree = "<group>"; };
		383F896F2A7CDC3000C41BE7 /* SideMenuView.swift */ = {isa = PBXFileReference; lastKnownFileType = sourcecode.swift; path = SideMenuView.swift; sourceTree = "<group>"; };
		3847AE1D2A8473BC00C8D4E5 /* ChoosePaymentViewController.swift */ = {isa = PBXFileReference; lastKnownFileType = sourcecode.swift; path = ChoosePaymentViewController.swift; sourceTree = "<group>"; };
		3847AE1F2A84757700C8D4E5 /* ChoosePaymentTableViewCell.swift */ = {isa = PBXFileReference; lastKnownFileType = sourcecode.swift; path = ChoosePaymentTableViewCell.swift; sourceTree = "<group>"; };
		3847AE202A84757700C8D4E5 /* ChoosePaymentTableViewCell.xib */ = {isa = PBXFileReference; lastKnownFileType = file.xib; path = ChoosePaymentTableViewCell.xib; sourceTree = "<group>"; };
		3847AE232A84799400C8D4E5 /* ChoosePaymentViewModel.swift */ = {isa = PBXFileReference; lastKnownFileType = sourcecode.swift; path = ChoosePaymentViewModel.swift; sourceTree = "<group>"; };
		3847AE252A8479BC00C8D4E5 /* PaymentMethod.swift */ = {isa = PBXFileReference; lastKnownFileType = sourcecode.swift; path = PaymentMethod.swift; sourceTree = "<group>"; };
		384C4D002A7CAD9800B85BFF /* SideMenuSwitchTableViewCell.swift */ = {isa = PBXFileReference; lastKnownFileType = sourcecode.swift; path = SideMenuSwitchTableViewCell.swift; sourceTree = "<group>"; };
		385D01932AA43A6D0037184C /* ChangePasswordViewController.swift */ = {isa = PBXFileReference; lastKnownFileType = sourcecode.swift; path = ChangePasswordViewController.swift; sourceTree = "<group>"; };
		385D01952AA43A7E0037184C /* ChangePasswordViewModel.swift */ = {isa = PBXFileReference; lastKnownFileType = sourcecode.swift; path = ChangePasswordViewModel.swift; sourceTree = "<group>"; };
		385D01982AA476B10037184C /* LazaModel.xcdatamodel */ = {isa = PBXFileReference; lastKnownFileType = wrapper.xcdatamodel; path = LazaModel.xcdatamodel; sourceTree = "<group>"; };
		386272AF2A7A854800962892 /* FontUtils.swift */ = {isa = PBXFileReference; lastKnownFileType = sourcecode.swift; path = FontUtils.swift; sourceTree = "<group>"; };
		386272B12A7A882200962892 /* ReviewTableViewCell.swift */ = {isa = PBXFileReference; lastKnownFileType = sourcecode.swift; path = ReviewTableViewCell.swift; sourceTree = "<group>"; };
		386272B22A7A882200962892 /* ReviewTableViewCell.xib */ = {isa = PBXFileReference; lastKnownFileType = file.xib; path = ReviewTableViewCell.xib; sourceTree = "<group>"; };
		386272B52A7A903400962892 /* ColorUtils.swift */ = {isa = PBXFileReference; lastKnownFileType = sourcecode.swift; path = ColorUtils.swift; sourceTree = "<group>"; };
		387A466E2A80A9F5007C3653 /* CartDetailViewController.swift */ = {isa = PBXFileReference; lastKnownFileType = sourcecode.swift; path = CartDetailViewController.swift; sourceTree = "<group>"; };
		387A6D2E2A7C88E100358DE8 /* AddReviewViewController.swift */ = {isa = PBXFileReference; lastKnownFileType = sourcecode.swift; path = AddReviewViewController.swift; sourceTree = "<group>"; };
		387A6D302A7C8F2200358DE8 /* CustomSlider.swift */ = {isa = PBXFileReference; lastKnownFileType = sourcecode.swift; path = CustomSlider.swift; sourceTree = "<group>"; };
		387D4D782A78A51900022959 /* DynamicHeightCollectionView.swift */ = {isa = PBXFileReference; lastKnownFileType = sourcecode.swift; path = DynamicHeightCollectionView.swift; sourceTree = "<group>"; };
		387D4D7A2A78F45200022959 /* DetailThumbnailCollectionViewCell.swift */ = {isa = PBXFileReference; lastKnownFileType = sourcecode.swift; path = DetailThumbnailCollectionViewCell.swift; sourceTree = "<group>"; };
		3891B5742A829B4600B1CB88 /* ProductBrandViewController.swift */ = {isa = PBXFileReference; lastKnownFileType = sourcecode.swift; path = ProductBrandViewController.swift; sourceTree = "<group>"; };
		3891B5762A82A15000B1CB88 /* ProductBrandViewModel.swift */ = {isa = PBXFileReference; lastKnownFileType = sourcecode.swift; path = ProductBrandViewModel.swift; sourceTree = "<group>"; };
		3891B5782A82AD0600B1CB88 /* WishlistViewModel.swift */ = {isa = PBXFileReference; lastKnownFileType = sourcecode.swift; path = WishlistViewModel.swift; sourceTree = "<group>"; };
		389CFE262AA81AE800916252 /* UpdateCardViewController.swift */ = {isa = PBXFileReference; lastKnownFileType = sourcecode.swift; path = UpdateCardViewController.swift; sourceTree = "<group>"; };
		389CFE282AA81B1B00916252 /* UpdateCardViewModel.swift */ = {isa = PBXFileReference; lastKnownFileType = sourcecode.swift; path = UpdateCardViewModel.swift; sourceTree = "<group>"; };
		389CFE2A2AA8507B00916252 /* LoadingViewController.swift */ = {isa = PBXFileReference; lastKnownFileType = sourcecode.swift; path = LoadingViewController.swift; sourceTree = "<group>"; };
		389F24FE2A8283FE006E6C4B /* PaymentFormTableViewCell.swift */ = {isa = PBXFileReference; lastKnownFileType = sourcecode.swift; path = PaymentFormTableViewCell.swift; sourceTree = "<group>"; };
		389F24FF2A8283FE006E6C4B /* PaymentFormTableViewCell.xib */ = {isa = PBXFileReference; lastKnownFileType = file.xib; path = PaymentFormTableViewCell.xib; sourceTree = "<group>"; };
		38A7DD642A750E9E002564AB /* UpdatePasswordViewController.swift */ = {isa = PBXFileReference; lastKnownFileType = sourcecode.swift; path = UpdatePasswordViewController.swift; sourceTree = "<group>"; };
		38A7DD662A750F75002564AB /* UpdatePasswordViewModel.swift */ = {isa = PBXFileReference; lastKnownFileType = sourcecode.swift; path = UpdatePasswordViewModel.swift; sourceTree = "<group>"; };
		38A9E4372A74FE4000ACBBFD /* StarterViewController.swift */ = {isa = PBXFileReference; lastKnownFileType = sourcecode.swift; path = StarterViewController.swift; sourceTree = "<group>"; };
		38B05D572A80E09400DC3F8B /* AddressViewController.swift */ = {isa = PBXFileReference; lastKnownFileType = sourcecode.swift; path = AddressViewController.swift; sourceTree = "<group>"; };
		38B05D592A80E0B500DC3F8B /* AddCardViewController.swift */ = {isa = PBXFileReference; lastKnownFileType = sourcecode.swift; path = AddCardViewController.swift; sourceTree = "<group>"; };
		38B05D5B2A80E0D300DC3F8B /* OrderConfirmedViewController.swift */ = {isa = PBXFileReference; lastKnownFileType = sourcecode.swift; path = OrderConfirmedViewController.swift; sourceTree = "<group>"; };
		38B76D492A73B6B800C5DA0B /* DetailViewController.swift */ = {isa = PBXFileReference; lastKnownFileType = sourcecode.swift; path = DetailViewController.swift; sourceTree = "<group>"; };
		38B7C54E2A90778B006FE010 /* ProfileViewController.swift */ = {isa = PBXFileReference; lastKnownFileType = sourcecode.swift; path = ProfileViewController.swift; sourceTree = "<group>"; };
		38B8F0FE2A7215F3003DA0CE /* RoundedView.swift */ = {isa = PBXFileReference; lastKnownFileType = sourcecode.swift; path = RoundedView.swift; sourceTree = "<group>"; };
		38B8F1002A721615003DA0CE /* RoundedImageView.swift */ = {isa = PBXFileReference; lastKnownFileType = sourcecode.swift; path = RoundedImageView.swift; sourceTree = "<group>"; };
		38BD6D832A95C19000E5BFEF /* CartViewModel.swift */ = {isa = PBXFileReference; lastKnownFileType = sourcecode.swift; path = CartViewModel.swift; sourceTree = "<group>"; };
		38BD6D852A95C2EF00E5BFEF /* Cart.swift */ = {isa = PBXFileReference; lastKnownFileType = sourcecode.swift; path = Cart.swift; sourceTree = "<group>"; };
		38BD6D872A95E6E000E5BFEF /* ProductSize.swift */ = {isa = PBXFileReference; lastKnownFileType = sourcecode.swift; path = ProductSize.swift; sourceTree = "<group>"; };
		38C51DBA2A7152BC000324A5 /* ForgotPasswordViewController.swift */ = {isa = PBXFileReference; lastKnownFileType = sourcecode.swift; path = ForgotPasswordViewController.swift; sourceTree = "<group>"; };
		38C51DBC2A71559B000324A5 /* Home.storyboard */ = {isa = PBXFileReference; lastKnownFileType = file.storyboard; path = Home.storyboard; sourceTree = "<group>"; };
		38C51DBE2A7155CE000324A5 /* HomeViewController.swift */ = {isa = PBXFileReference; lastKnownFileType = sourcecode.swift; path = HomeViewController.swift; sourceTree = "<group>"; };
		38C51DC02A7156E7000324A5 /* WishlistViewController.swift */ = {isa = PBXFileReference; lastKnownFileType = sourcecode.swift; path = WishlistViewController.swift; sourceTree = "<group>"; };
		38C51DC22A715840000324A5 /* CartViewController.swift */ = {isa = PBXFileReference; lastKnownFileType = sourcecode.swift; path = CartViewController.swift; sourceTree = "<group>"; };
		38C51DC42A715849000324A5 /* WalletViewController.swift */ = {isa = PBXFileReference; lastKnownFileType = sourcecode.swift; path = WalletViewController.swift; sourceTree = "<group>"; };
		38C51DC62A715A29000324A5 /* Extensions.swift */ = {isa = PBXFileReference; lastKnownFileType = sourcecode.swift; path = Extensions.swift; sourceTree = "<group>"; };
		38C51DC82A715F45000324A5 /* MainTabBarViewController.swift */ = {isa = PBXFileReference; lastKnownFileType = sourcecode.swift; path = MainTabBarViewController.swift; sourceTree = "<group>"; };
		38C51DCB2A7169C4000324A5 /* NetworkManager.swift */ = {isa = PBXFileReference; lastKnownFileType = sourcecode.swift; path = NetworkManager.swift; sourceTree = "<group>"; };
		38CB717D2AA7231F00655854 /* Order.swift */ = {isa = PBXFileReference; lastKnownFileType = sourcecode.swift; path = Order.swift; sourceTree = "<group>"; };
		38D11AC82A7B8AD9008ED926 /* ReviewsHeaderTableViewCell.swift */ = {isa = PBXFileReference; lastKnownFileType = sourcecode.swift; path = ReviewsHeaderTableViewCell.swift; sourceTree = "<group>"; };
		38D11AC92A7B8AD9008ED926 /* ReviewsHeaderTableViewCell.xib */ = {isa = PBXFileReference; lastKnownFileType = file.xib; path = ReviewsHeaderTableViewCell.xib; sourceTree = "<group>"; };
		38D11ACC2A7B9055008ED926 /* AllReviewsViewController.swift */ = {isa = PBXFileReference; lastKnownFileType = sourcecode.swift; path = AllReviewsViewController.swift; sourceTree = "<group>"; };
		38D11ACE2A7BA922008ED926 /* Poppins-SemiBold.ttf */ = {isa = PBXFileReference; lastKnownFileType = file; name = "Poppins-SemiBold.ttf"; path = "../../../../../Downloads/Poppins/Poppins-SemiBold.ttf"; sourceTree = "<group>"; };
		38D11ACF2A7BA922008ED926 /* Poppins-Bold.ttf */ = {isa = PBXFileReference; lastKnownFileType = file; name = "Poppins-Bold.ttf"; path = "../../../../../Downloads/Poppins/Poppins-Bold.ttf"; sourceTree = "<group>"; };
		38D11AD02A7BA922008ED926 /* Poppins-Regular.ttf */ = {isa = PBXFileReference; lastKnownFileType = file; name = "Poppins-Regular.ttf"; path = "../../../../../Downloads/Poppins/Poppins-Regular.ttf"; sourceTree = "<group>"; };
		38D1DE352A74ACB8002AB0ED /* DataPersistentManager.swift */ = {isa = PBXFileReference; lastKnownFileType = sourcecode.swift; path = DataPersistentManager.swift; sourceTree = "<group>"; };
		38D1DE372A74ADD9002AB0ED /* HashingManager.swift */ = {isa = PBXFileReference; lastKnownFileType = sourcecode.swift; path = HashingManager.swift; sourceTree = "<group>"; };
		38D1DE392A74AED1002AB0ED /* Password.swift */ = {isa = PBXFileReference; lastKnownFileType = sourcecode.swift; path = Password.swift; sourceTree = "<group>"; };
		38D1DE3B2A74B55B002AB0ED /* SignUpViewModel.swift */ = {isa = PBXFileReference; lastKnownFileType = sourcecode.swift; path = SignUpViewModel.swift; sourceTree = "<group>"; };
		38D1DE3D2A74BE7E002AB0ED /* LoginViewModel.swift */ = {isa = PBXFileReference; lastKnownFileType = sourcecode.swift; path = LoginViewModel.swift; sourceTree = "<group>"; };
		38D1DE3F2A74C5A6002AB0ED /* RegExManager.swift */ = {isa = PBXFileReference; lastKnownFileType = sourcecode.swift; path = RegExManager.swift; sourceTree = "<group>"; };
		38D1DE412A74CA54002AB0ED /* UserLogin.swift */ = {isa = PBXFileReference; lastKnownFileType = sourcecode.swift; path = UserLogin.swift; sourceTree = "<group>"; };
		38D1DE452A74E342002AB0ED /* HomeViewModel.swift */ = {isa = PBXFileReference; lastKnownFileType = sourcecode.swift; path = HomeViewModel.swift; sourceTree = "<group>"; };
		38D86EBF2A8B53C8006B0AF3 /* AllReviewsViewModel.swift */ = {isa = PBXFileReference; lastKnownFileType = sourcecode.swift; path = AllReviewsViewModel.swift; sourceTree = "<group>"; };
		38D86EC12A8B6D34006B0AF3 /* AddReviewViewModel.swift */ = {isa = PBXFileReference; lastKnownFileType = sourcecode.swift; path = AddReviewViewModel.swift; sourceTree = "<group>"; };
		38DBEB912A7E8FA8003BC9F3 /* VerificationCodeViewController.swift */ = {isa = PBXFileReference; lastKnownFileType = sourcecode.swift; path = VerificationCodeViewController.swift; sourceTree = "<group>"; };
		38DCC6622A70A8B7006A3633 /* Laza.app */ = {isa = PBXFileReference; explicitFileType = wrapper.application; includeInIndex = 0; path = Laza.app; sourceTree = BUILT_PRODUCTS_DIR; };
		38DCC6652A70A8B7006A3633 /* AppDelegate.swift */ = {isa = PBXFileReference; lastKnownFileType = sourcecode.swift; path = AppDelegate.swift; sourceTree = "<group>"; };
		38DCC6672A70A8B7006A3633 /* SceneDelegate.swift */ = {isa = PBXFileReference; lastKnownFileType = sourcecode.swift; path = SceneDelegate.swift; sourceTree = "<group>"; };
		38DCC66C2A70A8B7006A3633 /* Base */ = {isa = PBXFileReference; lastKnownFileType = file.storyboard; name = Base; path = Base.lproj/Main.storyboard; sourceTree = "<group>"; };
		38DCC66E2A70A8B8006A3633 /* Assets.xcassets */ = {isa = PBXFileReference; lastKnownFileType = folder.assetcatalog; path = Assets.xcassets; sourceTree = "<group>"; };
		38DCC6712A70A8B8006A3633 /* Base */ = {isa = PBXFileReference; lastKnownFileType = file.storyboard; name = Base; path = Base.lproj/LaunchScreen.storyboard; sourceTree = "<group>"; };
		38DCC6732A70A8B8006A3633 /* Info.plist */ = {isa = PBXFileReference; lastKnownFileType = text.plist.xml; path = Info.plist; sourceTree = "<group>"; };
		38DCC67E2A70B6D8006A3633 /* Inter-SemiBold.ttf */ = {isa = PBXFileReference; lastKnownFileType = file; name = "Inter-SemiBold.ttf"; path = "../../../../../Downloads/Inter/static/Inter-SemiBold.ttf"; sourceTree = "<group>"; };
		38DCC67F2A70B6D8006A3633 /* Inter-Bold.ttf */ = {isa = PBXFileReference; lastKnownFileType = file; name = "Inter-Bold.ttf"; path = "../../../../../Downloads/Inter/static/Inter-Bold.ttf"; sourceTree = "<group>"; };
		38DCC6802A70B6D8006A3633 /* Inter-Black.ttf */ = {isa = PBXFileReference; lastKnownFileType = file; name = "Inter-Black.ttf"; path = "../../../../../Downloads/Inter/static/Inter-Black.ttf"; sourceTree = "<group>"; };
		38DCC6812A70B6D8006A3633 /* Inter-Regular.ttf */ = {isa = PBXFileReference; lastKnownFileType = file; name = "Inter-Regular.ttf"; path = "../../../../../Downloads/Inter/static/Inter-Regular.ttf"; sourceTree = "<group>"; };
		38DCC6862A70B9D7006A3633 /* Inter-Medium.ttf */ = {isa = PBXFileReference; lastKnownFileType = file; name = "Inter-Medium.ttf"; path = "../../../../../Downloads/Inter/static/Inter-Medium.ttf"; sourceTree = "<group>"; };
		38DCC6882A70D2C7006A3633 /* GetStartedViewController.swift */ = {isa = PBXFileReference; lastKnownFileType = sourcecode.swift; path = GetStartedViewController.swift; sourceTree = "<group>"; };
		38DCC68A2A70D368006A3633 /* CircleButton.swift */ = {isa = PBXFileReference; lastKnownFileType = sourcecode.swift; path = CircleButton.swift; sourceTree = "<group>"; };
		38DFE87E2A77607500B1EE8F /* BrandTableViewCell.swift */ = {isa = PBXFileReference; lastKnownFileType = sourcecode.swift; path = BrandTableViewCell.swift; sourceTree = "<group>"; };
		38DFE8802A77608700B1EE8F /* ProductTableViewCell.swift */ = {isa = PBXFileReference; lastKnownFileType = sourcecode.swift; path = ProductTableViewCell.swift; sourceTree = "<group>"; };
		38DFE8822A77B92F00B1EE8F /* IntrinsicTableViewCell.swift */ = {isa = PBXFileReference; lastKnownFileType = sourcecode.swift; path = IntrinsicTableViewCell.swift; sourceTree = "<group>"; };
		38E89D5F2A72EE8800BBDE14 /* Product.swift */ = {isa = PBXFileReference; lastKnownFileType = sourcecode.swift; path = Product.swift; sourceTree = "<group>"; };
		38E89D612A72F0D900BBDE14 /* ProductCollectionViewCell.swift */ = {isa = PBXFileReference; lastKnownFileType = sourcecode.swift; path = ProductCollectionViewCell.swift; sourceTree = "<group>"; };
		38EAD6CB2A83636900103947 /* PaymentViewModel.swift */ = {isa = PBXFileReference; lastKnownFileType = sourcecode.swift; path = PaymentViewModel.swift; sourceTree = "<group>"; };
		38EAD6CD2A8363A700103947 /* CreditCard.swift */ = {isa = PBXFileReference; lastKnownFileType = sourcecode.swift; path = CreditCard.swift; sourceTree = "<group>"; };
		38EAD6CF2A83743B00103947 /* WalletViewModel.swift */ = {isa = PBXFileReference; lastKnownFileType = sourcecode.swift; path = WalletViewModel.swift; sourceTree = "<group>"; };
		38EAD6D12A83773700103947 /* WalletTableViewCell.swift */ = {isa = PBXFileReference; lastKnownFileType = sourcecode.swift; path = WalletTableViewCell.swift; sourceTree = "<group>"; };
		38EAD6D52A83888300103947 /* ListAddressViewController.swift */ = {isa = PBXFileReference; lastKnownFileType = sourcecode.swift; path = ListAddressViewController.swift; sourceTree = "<group>"; };
		38EAD6D72A838B7B00103947 /* ListAddressItemTableViewCell.swift */ = {isa = PBXFileReference; lastKnownFileType = sourcecode.swift; path = ListAddressItemTableViewCell.swift; sourceTree = "<group>"; };
		38EAD6D82A838B7B00103947 /* ListAddressItemTableViewCell.xib */ = {isa = PBXFileReference; lastKnownFileType = file.xib; path = ListAddressItemTableViewCell.xib; sourceTree = "<group>"; };
		38EF084A2A7A37260058021F /* DetailTableViewCell.swift */ = {isa = PBXFileReference; lastKnownFileType = sourcecode.swift; path = DetailTableViewCell.swift; sourceTree = "<group>"; };
		38F216022A7218B700952E65 /* BrandCollectionViewCell.swift */ = {isa = PBXFileReference; lastKnownFileType = sourcecode.swift; path = BrandCollectionViewCell.swift; sourceTree = "<group>"; };
		38FB18CF2A7A30A500733133 /* DetailSizeCollectionViewCell.swift */ = {isa = PBXFileReference; lastKnownFileType = sourcecode.swift; path = DetailSizeCollectionViewCell.swift; sourceTree = "<group>"; };
		38FBA1D22A9D8CE70055A97F /* EditAddressViewModel.swift */ = {isa = PBXFileReference; lastKnownFileType = sourcecode.swift; path = EditAddressViewModel.swift; sourceTree = "<group>"; };
		38FBA1D42A9D8D250055A97F /* EditAddressViewController.swift */ = {isa = PBXFileReference; lastKnownFileType = sourcecode.swift; path = EditAddressViewController.swift; sourceTree = "<group>"; };
		38FF0E492A70F040009B406F /* CustomTextField.swift */ = {isa = PBXFileReference; lastKnownFileType = sourcecode.swift; path = CustomTextField.swift; sourceTree = "<group>"; };
		38FF0E4B2A70F478009B406F /* SignUpViewController.swift */ = {isa = PBXFileReference; lastKnownFileType = sourcecode.swift; path = SignUpViewController.swift; sourceTree = "<group>"; };
		38FF0E4D2A7103C2009B406F /* LoginViewController.swift */ = {isa = PBXFileReference; lastKnownFileType = sourcecode.swift; path = LoginViewController.swift; sourceTree = "<group>"; };
		5B1422CCBB0C66FD56D6F1D0 /* Pods-Laza.release.xcconfig */ = {isa = PBXFileReference; includeInIndex = 1; lastKnownFileType = text.xcconfig; name = "Pods-Laza.release.xcconfig"; path = "Target Support Files/Pods-Laza/Pods-Laza.release.xcconfig"; sourceTree = "<group>"; };
		95A3BF1CF116AB718DD6BD23 /* Pods_Laza.framework */ = {isa = PBXFileReference; explicitFileType = wrapper.framework; includeInIndex = 0; path = Pods_Laza.framework; sourceTree = BUILT_PRODUCTS_DIR; };
		F01CD61CCFFC99B51DFEE230 /* Pods-Laza.debug.xcconfig */ = {isa = PBXFileReference; includeInIndex = 1; lastKnownFileType = text.xcconfig; name = "Pods-Laza.debug.xcconfig"; path = "Target Support Files/Pods-Laza/Pods-Laza.debug.xcconfig"; sourceTree = "<group>"; };
/* End PBXFileReference section */

/* Begin PBXFrameworksBuildPhase section */
		38DCC65F2A70A8B7006A3633 /* Frameworks */ = {
			isa = PBXFrameworksBuildPhase;
			buildActionMask = 2147483647;
			files = (
				38DBEB902A7E82C1003BC9F3 /* SideMenu in Frameworks */,
				38445CCF2A96F4B500AAB33D /* GoogleSignIn in Frameworks */,
				3825DC6E2A7F700800239E55 /* SnackBar in Frameworks */,
				7A908E37D34E6B591851E7F9 /* Pods_Laza.framework in Frameworks */,
				3873C97C2AA06B3B006AA648 /* SkeletonView in Frameworks */,
			);
			runOnlyForDeploymentPostprocessing = 0;
		};
/* End PBXFrameworksBuildPhase section */

/* Begin PBXGroup section */
		38C51DCA2A7169B5000324A5 /* Managers */ = {
			isa = PBXGroup;
			children = (
				3809B3F22A8A000000B34E5D /* ApiService.swift */,
				38C51DCB2A7169C4000324A5 /* NetworkManager.swift */,
				38D1DE352A74ACB8002AB0ED /* DataPersistentManager.swift */,
				38D1DE372A74ADD9002AB0ED /* HashingManager.swift */,
				38D1DE3F2A74C5A6002AB0ED /* RegExManager.swift */,
				386272AF2A7A854800962892 /* FontUtils.swift */,
				386272B52A7A903400962892 /* ColorUtils.swift */,
				3809B3F02A89E41200B34E5D /* DateTimeUtils.swift */,
				3809B3F42A8A093700B34E5D /* SessionManager.swift */,
				38311EF72A948CA300979523 /* ImageUtils.swift */,
			);
			path = Managers;
			sourceTree = "<group>";
		};
		38DCC6592A70A8B6006A3633 = {
			isa = PBXGroup;
			children = (
				38DCC6642A70A8B7006A3633 /* Laza */,
				38DCC6632A70A8B7006A3633 /* Products */,
				CCD65138F17642D622A4E708 /* Pods */,
				4BAB77D8DF9DF02DB56C58EC /* Frameworks */,
			);
			sourceTree = "<group>";
		};
		38DCC6632A70A8B7006A3633 /* Products */ = {
			isa = PBXGroup;
			children = (
				38DCC6622A70A8B7006A3633 /* Laza.app */,
			);
			name = Products;
			sourceTree = "<group>";
		};
		38DCC6642A70A8B7006A3633 /* Laza */ = {
			isa = PBXGroup;
			children = (
				38DCC67D2A70B6CF006A3633 /* Fonts */,
				38C51DCA2A7169B5000324A5 /* Managers */,
				38DCC67B2A70B342006A3633 /* Models */,
				38DCC67C2A70B348006A3633 /* Views */,
				38DCC67A2A70B33C006A3633 /* ViewModels */,
				38DCC6792A70B31F006A3633 /* Controllers */,
				38DCC6652A70A8B7006A3633 /* AppDelegate.swift */,
				38DCC6672A70A8B7006A3633 /* SceneDelegate.swift */,
				38323EFB2A808285000732A0 /* Checkout.storyboard */,
				38DCC66B2A70A8B7006A3633 /* Main.storyboard */,
				38C51DBC2A71559B000324A5 /* Home.storyboard */,
				38DCC66E2A70A8B8006A3633 /* Assets.xcassets */,
				38DCC6702A70A8B8006A3633 /* LaunchScreen.storyboard */,
				38DCC6732A70A8B8006A3633 /* Info.plist */,
				38C51DC62A715A29000324A5 /* Extensions.swift */,
				385D01972AA476B10037184C /* LazaModel.xcdatamodeld */,
			);
			path = Laza;
			sourceTree = "<group>";
		};
		38DCC6792A70B31F006A3633 /* Controllers */ = {
			isa = PBXGroup;
			children = (
				38DCC6882A70D2C7006A3633 /* GetStartedViewController.swift */,
				38FF0E4B2A70F478009B406F /* SignUpViewController.swift */,
				38FF0E4D2A7103C2009B406F /* LoginViewController.swift */,
				38C51DBA2A7152BC000324A5 /* ForgotPasswordViewController.swift */,
				38C51DBE2A7155CE000324A5 /* HomeViewController.swift */,
				38C51DC02A7156E7000324A5 /* WishlistViewController.swift */,
				38C51DC22A715840000324A5 /* CartViewController.swift */,
				38C51DC42A715849000324A5 /* WalletViewController.swift */,
				38C51DC82A715F45000324A5 /* MainTabBarViewController.swift */,
				38B76D492A73B6B800C5DA0B /* DetailViewController.swift */,
				38A9E4372A74FE4000ACBBFD /* StarterViewController.swift */,
				38A7DD642A750E9E002564AB /* UpdatePasswordViewController.swift */,
				382640212A76911D00744726 /* SideMenuViewController.swift */,
				387A6D2E2A7C88E100358DE8 /* AddReviewViewController.swift */,
				38DBEB912A7E8FA8003BC9F3 /* VerificationCodeViewController.swift */,
				387A466E2A80A9F5007C3653 /* CartDetailViewController.swift */,
				38B05D572A80E09400DC3F8B /* AddressViewController.swift */,
				38B05D592A80E0B500DC3F8B /* AddCardViewController.swift */,
				38B05D5B2A80E0D300DC3F8B /* OrderConfirmedViewController.swift */,
				380B4BE42A82019900297B62 /* PaymentViewController.swift */,
				3891B5742A829B4600B1CB88 /* ProductBrandViewController.swift */,
				38EAD6D52A83888300103947 /* ListAddressViewController.swift */,
				3847AE1D2A8473BC00C8D4E5 /* ChoosePaymentViewController.swift */,
				38B7C54E2A90778B006FE010 /* ProfileViewController.swift */,
				38311EEF2A9444C700979523 /* EditProfileViewController.swift */,
				38FBA1D42A9D8D250055A97F /* EditAddressViewController.swift */,
				385D01932AA43A6D0037184C /* ChangePasswordViewController.swift */,
				389CFE262AA81AE800916252 /* UpdateCardViewController.swift */,
				389CFE2A2AA8507B00916252 /* LoadingViewController.swift */,
			);
			path = Controllers;
			sourceTree = "<group>";
		};
		38DCC67A2A70B33C006A3633 /* ViewModels */ = {
			isa = PBXGroup;
			children = (
				38D1DE3B2A74B55B002AB0ED /* SignUpViewModel.swift */,
				38D1DE3D2A74BE7E002AB0ED /* LoginViewModel.swift */,
				38D1DE452A74E342002AB0ED /* HomeViewModel.swift */,
				38A7DD662A750F75002564AB /* UpdatePasswordViewModel.swift */,
				3891B5762A82A15000B1CB88 /* ProductBrandViewModel.swift */,
				3891B5782A82AD0600B1CB88 /* WishlistViewModel.swift */,
				38EAD6CB2A83636900103947 /* PaymentViewModel.swift */,
				38EAD6CF2A83743B00103947 /* WalletViewModel.swift */,
				3847AE232A84799400C8D4E5 /* ChoosePaymentViewModel.swift */,
				3809B3EA2A89C86E00B34E5D /* DetailViewModel.swift */,
				38D86EBF2A8B53C8006B0AF3 /* AllReviewsViewModel.swift */,
				38D86EC12A8B6D34006B0AF3 /* AddReviewViewModel.swift */,
				3815A69A2A8DA3F40067BABA /* CartDetailViewModel.swift */,
				3815A69E2A8DB4A00067BABA /* ListAddressViewModel.swift */,
				3815A6A02A8DB92C0067BABA /* AddressViewModel.swift */,
				3815A6A22A8E0C570067BABA /* AddCardViewModel.swift */,
				38311EF12A94580400979523 /* EditProfileViewModel.swift */,
				38311EF32A945ECA00979523 /* ProfileViewModel.swift */,
				38BD6D832A95C19000E5BFEF /* CartViewModel.swift */,
				38FBA1D22A9D8CE70055A97F /* EditAddressViewModel.swift */,
				380A5A632A9F31BE00887845 /* VerificationCodeViewModel.swift */,
				380A5A652A9F3CD800887845 /* ForgotPasswordViewModel.swift */,
				385D01952AA43A7E0037184C /* ChangePasswordViewModel.swift */,
				389CFE282AA81B1B00916252 /* UpdateCardViewModel.swift */,
			);
			path = ViewModels;
			sourceTree = "<group>";
		};
		38DCC67B2A70B342006A3633 /* Models */ = {
			isa = PBXGroup;
			children = (
				3809B3E82A89C6E400B34E5D /* Brand.swift */,
				38E89D5F2A72EE8800BBDE14 /* Product.swift */,
				3809B3EC2A89C89800B34E5D /* ProductDetail.swift */,
				3809B3EE2A89DBE000B34E5D /* ProductReview.swift */,
				38D1DE412A74CA54002AB0ED /* UserLogin.swift */,
				3809B3F62A8A143800B34E5D /* UserRegister.swift */,
				38D1DE392A74AED1002AB0ED /* Password.swift */,
				3847AE252A8479BC00C8D4E5 /* PaymentMethod.swift */,
				38EAD6CD2A8363A700103947 /* CreditCard.swift */,
				3815361D2A8C82AF00104367 /* Profile.swift */,
				3815A69C2A8DAC060067BABA /* Address.swift */,
				3815A6A42A8E12BB0067BABA /* ResponseError.swift */,
				38256BB02A8F5D0C003BBFED /* Wishlist.swift */,
				38311EF52A94631E00979523 /* Media.swift */,
				38BD6D852A95C2EF00E5BFEF /* Cart.swift */,
				38BD6D872A95E6E000E5BFEF /* ProductSize.swift */,
				38CB717D2AA7231F00655854 /* Order.swift */,
			);
			path = Models;
			sourceTree = "<group>";
		};
		38DCC67C2A70B348006A3633 /* Views */ = {
			isa = PBXGroup;
			children = (
				38DCC68A2A70D368006A3633 /* CircleButton.swift */,
				38FF0E492A70F040009B406F /* CustomTextField.swift */,
				3817D6792A7202A10074D911 /* RoundedButton.swift */,
				38B8F0FE2A7215F3003DA0CE /* RoundedView.swift */,
				38B8F1002A721615003DA0CE /* RoundedImageView.swift */,
				38F216022A7218B700952E65 /* BrandCollectionViewCell.swift */,
				38E89D612A72F0D900BBDE14 /* ProductCollectionViewCell.swift */,
				382640232A7695CE00744726 /* SideMenuTableViewCell.swift */,
				38DFE87E2A77607500B1EE8F /* BrandTableViewCell.swift */,
				38DFE8802A77608700B1EE8F /* ProductTableViewCell.swift */,
				38DFE8822A77B92F00B1EE8F /* IntrinsicTableViewCell.swift */,
				387D4D782A78A51900022959 /* DynamicHeightCollectionView.swift */,
				387D4D7A2A78F45200022959 /* DetailThumbnailCollectionViewCell.swift */,
				38FB18CF2A7A30A500733133 /* DetailSizeCollectionViewCell.swift */,
				38EF084A2A7A37260058021F /* DetailTableViewCell.swift */,
				386272B12A7A882200962892 /* ReviewTableViewCell.swift */,
				386272B22A7A882200962892 /* ReviewTableViewCell.xib */,
				38D11AC82A7B8AD9008ED926 /* ReviewsHeaderTableViewCell.swift */,
				38D11AC92A7B8AD9008ED926 /* ReviewsHeaderTableViewCell.xib */,
				38D11ACC2A7B9055008ED926 /* AllReviewsViewController.swift */,
				382F77382A7BFC350076248F /* CustomSecureTextField.swift */,
				387A6D302A7C8F2200358DE8 /* CustomSlider.swift */,
				384C4D002A7CAD9800B85BFF /* SideMenuSwitchTableViewCell.swift */,
				383F896B2A7CB35700C41BE7 /* SideMenuProfileTableViewCell.swift */,
				383F896D2A7CB36300C41BE7 /* SideMenuProfileTableViewCell.xib */,
				383F896F2A7CDC3000C41BE7 /* SideMenuView.swift */,
				3825DC6F2A7F705000239E55 /* CustomSnackBar.swift */,
				38323EFD2A8088AD000732A0 /* CartTableViewCell.swift */,
				38323EFE2A8088AD000732A0 /* CartTableViewCell.xib */,
				38323F012A80A10D000732A0 /* ListViewItem.swift */,
				38323F032A80A11D000732A0 /* ListViewItem.xib */,
				380B4BE62A8202FC00297B62 /* PaymentCardTableViewCell.swift */,
				380B4BE72A8202FC00297B62 /* PaymentCardTableViewCell.xib */,
				380B4BEA2A820B6400297B62 /* PaymentCardCollectionViewCell.swift */,
				380B4BEC2A822C5E00297B62 /* PaymentAddCardTableViewCell.swift */,
				380B4BED2A822C5E00297B62 /* PaymentAddCardTableViewCell.xib */,
				389F24FE2A8283FE006E6C4B /* PaymentFormTableViewCell.swift */,
				389F24FF2A8283FE006E6C4B /* PaymentFormTableViewCell.xib */,
				38EAD6D12A83773700103947 /* WalletTableViewCell.swift */,
				38EAD6D72A838B7B00103947 /* ListAddressItemTableViewCell.swift */,
				38EAD6D82A838B7B00103947 /* ListAddressItemTableViewCell.xib */,
				3847AE1F2A84757700C8D4E5 /* ChoosePaymentTableViewCell.swift */,
				3847AE202A84757700C8D4E5 /* ChoosePaymentTableViewCell.xib */,
				381536192A8C706500104367 /* EmptyTableViewCell.swift */,
				3815361A2A8C706500104367 /* EmptyTableViewCell.xib */,
			);
			path = Views;
			sourceTree = "<group>";
		};
		38DCC67D2A70B6CF006A3633 /* Fonts */ = {
			isa = PBXGroup;
			children = (
				38D11ACF2A7BA922008ED926 /* Poppins-Bold.ttf */,
				38D11AD02A7BA922008ED926 /* Poppins-Regular.ttf */,
				38D11ACE2A7BA922008ED926 /* Poppins-SemiBold.ttf */,
				38DCC6862A70B9D7006A3633 /* Inter-Medium.ttf */,
				38DCC6802A70B6D8006A3633 /* Inter-Black.ttf */,
				38DCC67F2A70B6D8006A3633 /* Inter-Bold.ttf */,
				38DCC6812A70B6D8006A3633 /* Inter-Regular.ttf */,
				38DCC67E2A70B6D8006A3633 /* Inter-SemiBold.ttf */,
			);
			path = Fonts;
			sourceTree = "<group>";
		};
		4BAB77D8DF9DF02DB56C58EC /* Frameworks */ = {
			isa = PBXGroup;
			children = (
				95A3BF1CF116AB718DD6BD23 /* Pods_Laza.framework */,
			);
			name = Frameworks;
			sourceTree = "<group>";
		};
		CCD65138F17642D622A4E708 /* Pods */ = {
			isa = PBXGroup;
			children = (
				F01CD61CCFFC99B51DFEE230 /* Pods-Laza.debug.xcconfig */,
				5B1422CCBB0C66FD56D6F1D0 /* Pods-Laza.release.xcconfig */,
			);
			path = Pods;
			sourceTree = "<group>";
		};
/* End PBXGroup section */

/* Begin PBXNativeTarget section */
		38DCC6612A70A8B7006A3633 /* Laza */ = {
			isa = PBXNativeTarget;
			buildConfigurationList = 38DCC6762A70A8B8006A3633 /* Build configuration list for PBXNativeTarget "Laza" */;
			buildPhases = (
				0DEB2554BBB66BF8BA77E49C /* [CP] Check Pods Manifest.lock */,
				38DCC65E2A70A8B7006A3633 /* Sources */,
				38DCC65F2A70A8B7006A3633 /* Frameworks */,
				38DCC6602A70A8B7006A3633 /* Resources */,
				4111BB8E013BB5D16150EE03 /* [CP] Embed Pods Frameworks */,
				38FEE9A02A81F9FC00D2DDD8 /* Embed Frameworks */,
			);
			buildRules = (
			);
			dependencies = (
			);
			name = Laza;
			packageProductDependencies = (
				38DBEB8F2A7E82C1003BC9F3 /* SideMenu */,
				3825DC6D2A7F700800239E55 /* SnackBar */,
				38445CCE2A96F4B500AAB33D /* GoogleSignIn */,
				3873C97B2AA06B3B006AA648 /* SkeletonView */,
			);
			productName = Laza;
			productReference = 38DCC6622A70A8B7006A3633 /* Laza.app */;
			productType = "com.apple.product-type.application";
		};
/* End PBXNativeTarget section */

/* Begin PBXProject section */
		38DCC65A2A70A8B7006A3633 /* Project object */ = {
			isa = PBXProject;
			attributes = {
				BuildIndependentTargetsInParallel = 1;
				LastSwiftUpdateCheck = 1420;
				LastUpgradeCheck = 1420;
				TargetAttributes = {
					38DCC6612A70A8B7006A3633 = {
						CreatedOnToolsVersion = 14.2;
					};
				};
			};
			buildConfigurationList = 38DCC65D2A70A8B7006A3633 /* Build configuration list for PBXProject "Laza" */;
			compatibilityVersion = "Xcode 14.0";
			developmentRegion = en;
			hasScannedForEncodings = 0;
			knownRegions = (
				en,
				Base,
			);
			mainGroup = 38DCC6592A70A8B6006A3633;
			packageReferences = (
				38DBEB8E2A7E82C1003BC9F3 /* XCRemoteSwiftPackageReference "SideMenu" */,
				3825DC6C2A7F700800239E55 /* XCRemoteSwiftPackageReference "SnackBar" */,
				38445CCD2A96F4B500AAB33D /* XCRemoteSwiftPackageReference "GoogleSignIn-iOS" */,
				3873C97A2AA06B3B006AA648 /* XCRemoteSwiftPackageReference "SkeletonView" */,
			);
			productRefGroup = 38DCC6632A70A8B7006A3633 /* Products */;
			projectDirPath = "";
			projectRoot = "";
			targets = (
				38DCC6612A70A8B7006A3633 /* Laza */,
			);
		};
/* End PBXProject section */

/* Begin PBXResourcesBuildPhase section */
		38DCC6602A70A8B7006A3633 /* Resources */ = {
			isa = PBXResourcesBuildPhase;
			buildActionMask = 2147483647;
			files = (
				38323EFC2A808285000732A0 /* Checkout.storyboard in Resources */,
				38323F042A80A11D000732A0 /* ListViewItem.xib in Resources */,
				38DCC6822A70B6D8006A3633 /* Inter-SemiBold.ttf in Resources */,
				38DCC6842A70B6D8006A3633 /* Inter-Black.ttf in Resources */,
				380B4BEF2A822C5E00297B62 /* PaymentAddCardTableViewCell.xib in Resources */,
				38DCC6832A70B6D8006A3633 /* Inter-Bold.ttf in Resources */,
				38EAD6DA2A838B7B00103947 /* ListAddressItemTableViewCell.xib in Resources */,
				386272B42A7A882200962892 /* ReviewTableViewCell.xib in Resources */,
				38C51DBD2A71559B000324A5 /* Home.storyboard in Resources */,
				3815361C2A8C706500104367 /* EmptyTableViewCell.xib in Resources */,
				38DCC6722A70A8B8006A3633 /* LaunchScreen.storyboard in Resources */,
				38323F002A8088AD000732A0 /* CartTableViewCell.xib in Resources */,
				38DCC6872A70B9D7006A3633 /* Inter-Medium.ttf in Resources */,
				380B4BE92A8202FC00297B62 /* PaymentCardTableViewCell.xib in Resources */,
				38DCC66F2A70A8B8006A3633 /* Assets.xcassets in Resources */,
				38D11AD22A7BA923008ED926 /* Poppins-Bold.ttf in Resources */,
				3847AE222A84757700C8D4E5 /* ChoosePaymentTableViewCell.xib in Resources */,
				383F896E2A7CB36300C41BE7 /* SideMenuProfileTableViewCell.xib in Resources */,
				389F25012A8283FE006E6C4B /* PaymentFormTableViewCell.xib in Resources */,
				38D11AD32A7BA923008ED926 /* Poppins-Regular.ttf in Resources */,
				38D11ACB2A7B8AD9008ED926 /* ReviewsHeaderTableViewCell.xib in Resources */,
				38D11AD12A7BA923008ED926 /* Poppins-SemiBold.ttf in Resources */,
				38DCC66D2A70A8B7006A3633 /* Main.storyboard in Resources */,
				38DCC6852A70B6D8006A3633 /* Inter-Regular.ttf in Resources */,
			);
			runOnlyForDeploymentPostprocessing = 0;
		};
/* End PBXResourcesBuildPhase section */

/* Begin PBXShellScriptBuildPhase section */
		0DEB2554BBB66BF8BA77E49C /* [CP] Check Pods Manifest.lock */ = {
			isa = PBXShellScriptBuildPhase;
			buildActionMask = 2147483647;
			files = (
			);
			inputFileListPaths = (
			);
			inputPaths = (
				"${PODS_PODFILE_DIR_PATH}/Podfile.lock",
				"${PODS_ROOT}/Manifest.lock",
			);
			name = "[CP] Check Pods Manifest.lock";
			outputFileListPaths = (
			);
			outputPaths = (
				"$(DERIVED_FILE_DIR)/Pods-Laza-checkManifestLockResult.txt",
			);
			runOnlyForDeploymentPostprocessing = 0;
			shellPath = /bin/sh;
			shellScript = "diff \"${PODS_PODFILE_DIR_PATH}/Podfile.lock\" \"${PODS_ROOT}/Manifest.lock\" > /dev/null\nif [ $? != 0 ] ; then\n    # print error to STDERR\n    echo \"error: The sandbox is not in sync with the Podfile.lock. Run 'pod install' or update your CocoaPods installation.\" >&2\n    exit 1\nfi\n# This output is used by Xcode 'outputs' to avoid re-running this script phase.\necho \"SUCCESS\" > \"${SCRIPT_OUTPUT_FILE_0}\"\n";
			showEnvVarsInLog = 0;
		};
		4111BB8E013BB5D16150EE03 /* [CP] Embed Pods Frameworks */ = {
			isa = PBXShellScriptBuildPhase;
			buildActionMask = 2147483647;
			files = (
			);
			inputFileListPaths = (
				"${PODS_ROOT}/Target Support Files/Pods-Laza/Pods-Laza-frameworks-${CONFIGURATION}-input-files.xcfilelist",
			);
			name = "[CP] Embed Pods Frameworks";
			outputFileListPaths = (
				"${PODS_ROOT}/Target Support Files/Pods-Laza/Pods-Laza-frameworks-${CONFIGURATION}-output-files.xcfilelist",
			);
			runOnlyForDeploymentPostprocessing = 0;
			shellPath = /bin/sh;
			shellScript = "\"${PODS_ROOT}/Target Support Files/Pods-Laza/Pods-Laza-frameworks.sh\"\n";
			showEnvVarsInLog = 0;
		};
/* End PBXShellScriptBuildPhase section */

/* Begin PBXSourcesBuildPhase section */
		38DCC65E2A70A8B7006A3633 /* Sources */ = {
			isa = PBXSourcesBuildPhase;
			buildActionMask = 2147483647;
			files = (
				380B4BEB2A820B6400297B62 /* PaymentCardCollectionViewCell.swift in Sources */,
				38311EF02A9444C700979523 /* EditProfileViewController.swift in Sources */,
				3809B3E92A89C6E400B34E5D /* Brand.swift in Sources */,
				38311EF42A945ECA00979523 /* ProfileViewModel.swift in Sources */,
				38D1DE422A74CA54002AB0ED /* UserLogin.swift in Sources */,
				387A6D312A7C8F2200358DE8 /* CustomSlider.swift in Sources */,
				3809B3F12A89E41200B34E5D /* DateTimeUtils.swift in Sources */,
				3809B3F52A8A093700B34E5D /* SessionManager.swift in Sources */,
				3847AE242A84799400C8D4E5 /* ChoosePaymentViewModel.swift in Sources */,
				386272B62A7A903400962892 /* ColorUtils.swift in Sources */,
				38B05D582A80E09400DC3F8B /* AddressViewController.swift in Sources */,
				38A9E4382A74FE4000ACBBFD /* StarterViewController.swift in Sources */,
				38A7DD652A750E9E002564AB /* UpdatePasswordViewController.swift in Sources */,
				38C51DC92A715F45000324A5 /* MainTabBarViewController.swift in Sources */,
				3815361B2A8C706500104367 /* EmptyTableViewCell.swift in Sources */,
				380B4BE52A82019900297B62 /* PaymentViewController.swift in Sources */,
				38B05D5A2A80E0B600DC3F8B /* AddCardViewController.swift in Sources */,
				38DCC68B2A70D368006A3633 /* CircleButton.swift in Sources */,
				383F896C2A7CB35700C41BE7 /* SideMenuProfileTableViewCell.swift in Sources */,
				38D1DE462A74E342002AB0ED /* HomeViewModel.swift in Sources */,
				38FBA1D52A9D8D250055A97F /* EditAddressViewController.swift in Sources */,
				38B76D4A2A73B6B800C5DA0B /* DetailViewController.swift in Sources */,
				38D11ACA2A7B8AD9008ED926 /* ReviewsHeaderTableViewCell.swift in Sources */,
				389F25002A8283FE006E6C4B /* PaymentFormTableViewCell.swift in Sources */,
				3815A69F2A8DB4A00067BABA /* ListAddressViewModel.swift in Sources */,
				38B7C54F2A90778B006FE010 /* ProfileViewController.swift in Sources */,
				38FBA1D32A9D8CE70055A97F /* EditAddressViewModel.swift in Sources */,
				389CFE2B2AA8507B00916252 /* LoadingViewController.swift in Sources */,
				382F77392A7BFC350076248F /* CustomSecureTextField.swift in Sources */,
				38E89D622A72F0D900BBDE14 /* ProductCollectionViewCell.swift in Sources */,
				38B8F0FF2A7215F3003DA0CE /* RoundedView.swift in Sources */,
				384C4D012A7CAD9800B85BFF /* SideMenuSwitchTableViewCell.swift in Sources */,
				38FF0E4C2A70F478009B406F /* SignUpViewController.swift in Sources */,
				3815A6A52A8E12BB0067BABA /* ResponseError.swift in Sources */,
				389CFE272AA81AE800916252 /* UpdateCardViewController.swift in Sources */,
				38D86EC02A8B53C8006B0AF3 /* AllReviewsViewModel.swift in Sources */,
				38D1DE3C2A74B55B002AB0ED /* SignUpViewModel.swift in Sources */,
				3847AE1E2A8473BC00C8D4E5 /* ChoosePaymentViewController.swift in Sources */,
				380B4BE82A8202FC00297B62 /* PaymentCardTableViewCell.swift in Sources */,
				386272B02A7A854800962892 /* FontUtils.swift in Sources */,
				3809B3EB2A89C86E00B34E5D /* DetailViewModel.swift in Sources */,
				38C51DC12A7156E7000324A5 /* WishlistViewController.swift in Sources */,
				38D1DE382A74ADD9002AB0ED /* HashingManager.swift in Sources */,
				385D01942AA43A6D0037184C /* ChangePasswordViewController.swift in Sources */,
				3815A6A12A8DB92C0067BABA /* AddressViewModel.swift in Sources */,
				38C51DCC2A7169C4000324A5 /* NetworkManager.swift in Sources */,
				3847AE262A8479BC00C8D4E5 /* PaymentMethod.swift in Sources */,
				3815A6A32A8E0C570067BABA /* AddCardViewModel.swift in Sources */,
				387A6D2F2A7C88E100358DE8 /* AddReviewViewController.swift in Sources */,
				38D1DE362A74ACB8002AB0ED /* DataPersistentManager.swift in Sources */,
				38DFE87F2A77607500B1EE8F /* BrandTableViewCell.swift in Sources */,
				38F216032A7218B700952E65 /* BrandCollectionViewCell.swift in Sources */,
				380B4BEE2A822C5E00297B62 /* PaymentAddCardTableViewCell.swift in Sources */,
				3815A69B2A8DA3F40067BABA /* CartDetailViewModel.swift in Sources */,
				382640222A76911D00744726 /* SideMenuViewController.swift in Sources */,
				38FB18D02A7A30A500733133 /* DetailSizeCollectionViewCell.swift in Sources */,
				38323F022A80A10D000732A0 /* ListViewItem.swift in Sources */,
				382640242A7695CE00744726 /* SideMenuTableViewCell.swift in Sources */,
				3809B3F32A8A000000B34E5D /* ApiService.swift in Sources */,
				38EAD6D02A83743B00103947 /* WalletViewModel.swift in Sources */,
				3815A69D2A8DAC060067BABA /* Address.swift in Sources */,
				38DBEB922A7E8FA8003BC9F3 /* VerificationCodeViewController.swift in Sources */,
				38EAD6D32A83773700103947 /* WalletTableViewCell.swift in Sources */,
				3815361E2A8C82AF00104367 /* Profile.swift in Sources */,
				38DFE8812A77608700B1EE8F /* ProductTableViewCell.swift in Sources */,
				38C51DC52A715849000324A5 /* WalletViewController.swift in Sources */,
				38311EF22A94580400979523 /* EditProfileViewModel.swift in Sources */,
				38311EF62A94631E00979523 /* Media.swift in Sources */,
				3809B3F72A8A143800B34E5D /* UserRegister.swift in Sources */,
				3809B3ED2A89C89800B34E5D /* ProductDetail.swift in Sources */,
				386272B32A7A882200962892 /* ReviewTableViewCell.swift in Sources */,
				38256BB12A8F5D0C003BBFED /* Wishlist.swift in Sources */,
				387D4D7B2A78F45200022959 /* DetailThumbnailCollectionViewCell.swift in Sources */,
				38BD6D862A95C2EF00E5BFEF /* Cart.swift in Sources */,
				3891B5792A82AD0600B1CB88 /* WishlistViewModel.swift in Sources */,
				38A7DD672A750F75002564AB /* UpdatePasswordViewModel.swift in Sources */,
				3825DC702A7F705000239E55 /* CustomSnackBar.swift in Sources */,
				38C51DC32A715840000324A5 /* CartViewController.swift in Sources */,
				3891B5752A829B4600B1CB88 /* ProductBrandViewController.swift in Sources */,
				385D01992AA476B10037184C /* LazaModel.xcdatamodeld in Sources */,
				38FF0E4A2A70F040009B406F /* CustomTextField.swift in Sources */,
				38D11ACD2A7B9055008ED926 /* AllReviewsViewController.swift in Sources */,
				380A5A642A9F31BE00887845 /* VerificationCodeViewModel.swift in Sources */,
				38EAD6CE2A8363A700103947 /* CreditCard.swift in Sources */,
				38BD6D842A95C19000E5BFEF /* CartViewModel.swift in Sources */,
				3891B5772A82A15000B1CB88 /* ProductBrandViewModel.swift in Sources */,
				38FF0E4E2A7103C2009B406F /* LoginViewController.swift in Sources */,
				38EF084B2A7A37260058021F /* DetailTableViewCell.swift in Sources */,
				38C51DBF2A7155CE000324A5 /* HomeViewController.swift in Sources */,
				3817D67A2A7202A10074D911 /* RoundedButton.swift in Sources */,
				38EAD6D62A83888300103947 /* ListAddressViewController.swift in Sources */,
				38C51DBB2A7152BC000324A5 /* ForgotPasswordViewController.swift in Sources */,
				38311EF82A948CA300979523 /* ImageUtils.swift in Sources */,
				38DFE8832A77B92F00B1EE8F /* IntrinsicTableViewCell.swift in Sources */,
				383F89702A7CDC3000C41BE7 /* SideMenuView.swift in Sources */,
				38B8F1012A721615003DA0CE /* RoundedImageView.swift in Sources */,
				38D1DE3E2A74BE7E002AB0ED /* LoginViewModel.swift in Sources */,
				387D4D792A78A51900022959 /* DynamicHeightCollectionView.swift in Sources */,
				3847AE212A84757700C8D4E5 /* ChoosePaymentTableViewCell.swift in Sources */,
				38DCC6662A70A8B7006A3633 /* AppDelegate.swift in Sources */,
				380A5A662A9F3CD800887845 /* ForgotPasswordViewModel.swift in Sources */,
				38D86EC22A8B6D34006B0AF3 /* AddReviewViewModel.swift in Sources */,
				38D1DE3A2A74AED2002AB0ED /* Password.swift in Sources */,
				38DCC6682A70A8B7006A3633 /* SceneDelegate.swift in Sources */,
				38323EFF2A8088AD000732A0 /* CartTableViewCell.swift in Sources */,
				385D01962AA43A7E0037184C /* ChangePasswordViewModel.swift in Sources */,
				389CFE292AA81B1B00916252 /* UpdateCardViewModel.swift in Sources */,
				387A466F2A80A9F5007C3653 /* CartDetailViewController.swift in Sources */,
				38DCC6892A70D2C7006A3633 /* GetStartedViewController.swift in Sources */,
				38C51DC72A715A29000324A5 /* Extensions.swift in Sources */,
				38E89D602A72EE8800BBDE14 /* Product.swift in Sources */,
				38D1DE402A74C5A6002AB0ED /* RegExManager.swift in Sources */,
				38EAD6D92A838B7B00103947 /* ListAddressItemTableViewCell.swift in Sources */,
				38BD6D882A95E6E000E5BFEF /* ProductSize.swift in Sources */,
				3809B3EF2A89DBE000B34E5D /* ProductReview.swift in Sources */,
				38CB717E2AA7231F00655854 /* Order.swift in Sources */,
				38EAD6CC2A83636900103947 /* PaymentViewModel.swift in Sources */,
				38B05D5C2A80E0D300DC3F8B /* OrderConfirmedViewController.swift in Sources */,
			);
			runOnlyForDeploymentPostprocessing = 0;
		};
/* End PBXSourcesBuildPhase section */

/* Begin PBXVariantGroup section */
		38DCC66B2A70A8B7006A3633 /* Main.storyboard */ = {
			isa = PBXVariantGroup;
			children = (
				38DCC66C2A70A8B7006A3633 /* Base */,
			);
			name = Main.storyboard;
			sourceTree = "<group>";
		};
		38DCC6702A70A8B8006A3633 /* LaunchScreen.storyboard */ = {
			isa = PBXVariantGroup;
			children = (
				38DCC6712A70A8B8006A3633 /* Base */,
			);
			name = LaunchScreen.storyboard;
			sourceTree = "<group>";
		};
/* End PBXVariantGroup section */

/* Begin XCBuildConfiguration section */
		38DCC6742A70A8B8006A3633 /* Debug */ = {
			isa = XCBuildConfiguration;
			buildSettings = {
				ALWAYS_SEARCH_USER_PATHS = NO;
				CLANG_ANALYZER_NONNULL = YES;
				CLANG_ANALYZER_NUMBER_OBJECT_CONVERSION = YES_AGGRESSIVE;
				CLANG_CXX_LANGUAGE_STANDARD = "gnu++20";
				CLANG_ENABLE_MODULES = YES;
				CLANG_ENABLE_OBJC_ARC = YES;
				CLANG_ENABLE_OBJC_WEAK = YES;
				CLANG_WARN_BLOCK_CAPTURE_AUTORELEASING = YES;
				CLANG_WARN_BOOL_CONVERSION = YES;
				CLANG_WARN_COMMA = YES;
				CLANG_WARN_CONSTANT_CONVERSION = YES;
				CLANG_WARN_DEPRECATED_OBJC_IMPLEMENTATIONS = YES;
				CLANG_WARN_DIRECT_OBJC_ISA_USAGE = YES_ERROR;
				CLANG_WARN_DOCUMENTATION_COMMENTS = YES;
				CLANG_WARN_EMPTY_BODY = YES;
				CLANG_WARN_ENUM_CONVERSION = YES;
				CLANG_WARN_INFINITE_RECURSION = YES;
				CLANG_WARN_INT_CONVERSION = YES;
				CLANG_WARN_NON_LITERAL_NULL_CONVERSION = YES;
				CLANG_WARN_OBJC_IMPLICIT_RETAIN_SELF = YES;
				CLANG_WARN_OBJC_LITERAL_CONVERSION = YES;
				CLANG_WARN_OBJC_ROOT_CLASS = YES_ERROR;
				CLANG_WARN_QUOTED_INCLUDE_IN_FRAMEWORK_HEADER = YES;
				CLANG_WARN_RANGE_LOOP_ANALYSIS = YES;
				CLANG_WARN_STRICT_PROTOTYPES = YES;
				CLANG_WARN_SUSPICIOUS_MOVE = YES;
				CLANG_WARN_UNGUARDED_AVAILABILITY = YES_AGGRESSIVE;
				CLANG_WARN_UNREACHABLE_CODE = YES;
				CLANG_WARN__DUPLICATE_METHOD_MATCH = YES;
				COPY_PHASE_STRIP = NO;
				DEBUG_INFORMATION_FORMAT = dwarf;
				ENABLE_STRICT_OBJC_MSGSEND = YES;
				ENABLE_TESTABILITY = YES;
				GCC_C_LANGUAGE_STANDARD = gnu11;
				GCC_DYNAMIC_NO_PIC = NO;
				GCC_NO_COMMON_BLOCKS = YES;
				GCC_OPTIMIZATION_LEVEL = 0;
				GCC_PREPROCESSOR_DEFINITIONS = (
					"DEBUG=1",
					"$(inherited)",
				);
				GCC_WARN_64_TO_32_BIT_CONVERSION = YES;
				GCC_WARN_ABOUT_RETURN_TYPE = YES_ERROR;
				GCC_WARN_UNDECLARED_SELECTOR = YES;
				GCC_WARN_UNINITIALIZED_AUTOS = YES_AGGRESSIVE;
				GCC_WARN_UNUSED_FUNCTION = YES;
				GCC_WARN_UNUSED_VARIABLE = YES;
				IPHONEOS_DEPLOYMENT_TARGET = 16.2;
				MTL_ENABLE_DEBUG_INFO = INCLUDE_SOURCE;
				MTL_FAST_MATH = YES;
				ONLY_ACTIVE_ARCH = YES;
				SDKROOT = iphoneos;
				SWIFT_ACTIVE_COMPILATION_CONDITIONS = DEBUG;
				SWIFT_OPTIMIZATION_LEVEL = "-Onone";
			};
			name = Debug;
		};
		38DCC6752A70A8B8006A3633 /* Release */ = {
			isa = XCBuildConfiguration;
			buildSettings = {
				ALWAYS_SEARCH_USER_PATHS = NO;
				CLANG_ANALYZER_NONNULL = YES;
				CLANG_ANALYZER_NUMBER_OBJECT_CONVERSION = YES_AGGRESSIVE;
				CLANG_CXX_LANGUAGE_STANDARD = "gnu++20";
				CLANG_ENABLE_MODULES = YES;
				CLANG_ENABLE_OBJC_ARC = YES;
				CLANG_ENABLE_OBJC_WEAK = YES;
				CLANG_WARN_BLOCK_CAPTURE_AUTORELEASING = YES;
				CLANG_WARN_BOOL_CONVERSION = YES;
				CLANG_WARN_COMMA = YES;
				CLANG_WARN_CONSTANT_CONVERSION = YES;
				CLANG_WARN_DEPRECATED_OBJC_IMPLEMENTATIONS = YES;
				CLANG_WARN_DIRECT_OBJC_ISA_USAGE = YES_ERROR;
				CLANG_WARN_DOCUMENTATION_COMMENTS = YES;
				CLANG_WARN_EMPTY_BODY = YES;
				CLANG_WARN_ENUM_CONVERSION = YES;
				CLANG_WARN_INFINITE_RECURSION = YES;
				CLANG_WARN_INT_CONVERSION = YES;
				CLANG_WARN_NON_LITERAL_NULL_CONVERSION = YES;
				CLANG_WARN_OBJC_IMPLICIT_RETAIN_SELF = YES;
				CLANG_WARN_OBJC_LITERAL_CONVERSION = YES;
				CLANG_WARN_OBJC_ROOT_CLASS = YES_ERROR;
				CLANG_WARN_QUOTED_INCLUDE_IN_FRAMEWORK_HEADER = YES;
				CLANG_WARN_RANGE_LOOP_ANALYSIS = YES;
				CLANG_WARN_STRICT_PROTOTYPES = YES;
				CLANG_WARN_SUSPICIOUS_MOVE = YES;
				CLANG_WARN_UNGUARDED_AVAILABILITY = YES_AGGRESSIVE;
				CLANG_WARN_UNREACHABLE_CODE = YES;
				CLANG_WARN__DUPLICATE_METHOD_MATCH = YES;
				COPY_PHASE_STRIP = NO;
				DEBUG_INFORMATION_FORMAT = "dwarf-with-dsym";
				ENABLE_NS_ASSERTIONS = NO;
				ENABLE_STRICT_OBJC_MSGSEND = YES;
				GCC_C_LANGUAGE_STANDARD = gnu11;
				GCC_NO_COMMON_BLOCKS = YES;
				GCC_WARN_64_TO_32_BIT_CONVERSION = YES;
				GCC_WARN_ABOUT_RETURN_TYPE = YES_ERROR;
				GCC_WARN_UNDECLARED_SELECTOR = YES;
				GCC_WARN_UNINITIALIZED_AUTOS = YES_AGGRESSIVE;
				GCC_WARN_UNUSED_FUNCTION = YES;
				GCC_WARN_UNUSED_VARIABLE = YES;
				IPHONEOS_DEPLOYMENT_TARGET = 16.2;
				MTL_ENABLE_DEBUG_INFO = NO;
				MTL_FAST_MATH = YES;
				SDKROOT = iphoneos;
				SWIFT_COMPILATION_MODE = wholemodule;
				SWIFT_OPTIMIZATION_LEVEL = "-O";
				VALIDATE_PRODUCT = YES;
			};
			name = Release;
		};
		38DCC6772A70A8B8006A3633 /* Debug */ = {
			isa = XCBuildConfiguration;
			baseConfigurationReference = F01CD61CCFFC99B51DFEE230 /* Pods-Laza.debug.xcconfig */;
			buildSettings = {
				ASSETCATALOG_COMPILER_APPICON_NAME = AppIcon;
				ASSETCATALOG_COMPILER_GLOBAL_ACCENT_COLOR_NAME = AccentColor;
				CODE_SIGN_STYLE = Automatic;
				CURRENT_PROJECT_VERSION = 1;
				DEVELOPMENT_TEAM = A2WQZ32XVK;
				GENERATE_INFOPLIST_FILE = YES;
				INFOPLIST_FILE = Laza/Info.plist;
				INFOPLIST_KEY_UIApplicationSupportsIndirectInputEvents = YES;
				INFOPLIST_KEY_UILaunchStoryboardName = LaunchScreen;
				INFOPLIST_KEY_UIMainStoryboardFile = Main;
				INFOPLIST_KEY_UISupportedInterfaceOrientations_iPad = "UIInterfaceOrientationPortrait UIInterfaceOrientationPortraitUpsideDown UIInterfaceOrientationLandscapeLeft UIInterfaceOrientationLandscapeRight";
				INFOPLIST_KEY_UISupportedInterfaceOrientations_iPhone = "UIInterfaceOrientationPortrait UIInterfaceOrientationLandscapeLeft UIInterfaceOrientationLandscapeRight";
				IPHONEOS_DEPLOYMENT_TARGET = 15.4;
				LD_RUNPATH_SEARCH_PATHS = (
					"$(inherited)",
					"@executable_path/Frameworks",
				);
				MARKETING_VERSION = 1.0;
				PRODUCT_BUNDLE_IDENTIFIER = com.dimaswisodewo.Laza;
				PRODUCT_NAME = "$(TARGET_NAME)";
				SWIFT_EMIT_LOC_STRINGS = YES;
				SWIFT_VERSION = 5.0;
				TARGETED_DEVICE_FAMILY = "1,2";
			};
			name = Debug;
		};
		38DCC6782A70A8B8006A3633 /* Release */ = {
			isa = XCBuildConfiguration;
			baseConfigurationReference = 5B1422CCBB0C66FD56D6F1D0 /* Pods-Laza.release.xcconfig */;
			buildSettings = {
				ASSETCATALOG_COMPILER_APPICON_NAME = AppIcon;
				ASSETCATALOG_COMPILER_GLOBAL_ACCENT_COLOR_NAME = AccentColor;
				CODE_SIGN_STYLE = Automatic;
				CURRENT_PROJECT_VERSION = 1;
				DEVELOPMENT_TEAM = A2WQZ32XVK;
				GENERATE_INFOPLIST_FILE = YES;
				INFOPLIST_FILE = Laza/Info.plist;
				INFOPLIST_KEY_UIApplicationSupportsIndirectInputEvents = YES;
				INFOPLIST_KEY_UILaunchStoryboardName = LaunchScreen;
				INFOPLIST_KEY_UIMainStoryboardFile = Main;
				INFOPLIST_KEY_UISupportedInterfaceOrientations_iPad = "UIInterfaceOrientationPortrait UIInterfaceOrientationPortraitUpsideDown UIInterfaceOrientationLandscapeLeft UIInterfaceOrientationLandscapeRight";
				INFOPLIST_KEY_UISupportedInterfaceOrientations_iPhone = "UIInterfaceOrientationPortrait UIInterfaceOrientationLandscapeLeft UIInterfaceOrientationLandscapeRight";
				IPHONEOS_DEPLOYMENT_TARGET = 15.4;
				LD_RUNPATH_SEARCH_PATHS = (
					"$(inherited)",
					"@executable_path/Frameworks",
				);
				MARKETING_VERSION = 1.0;
				PRODUCT_BUNDLE_IDENTIFIER = com.dimaswisodewo.Laza;
				PRODUCT_NAME = "$(TARGET_NAME)";
				SWIFT_EMIT_LOC_STRINGS = YES;
				SWIFT_VERSION = 5.0;
				TARGETED_DEVICE_FAMILY = "1,2";
			};
			name = Release;
		};
/* End XCBuildConfiguration section */

/* Begin XCConfigurationList section */
		38DCC65D2A70A8B7006A3633 /* Build configuration list for PBXProject "Laza" */ = {
			isa = XCConfigurationList;
			buildConfigurations = (
				38DCC6742A70A8B8006A3633 /* Debug */,
				38DCC6752A70A8B8006A3633 /* Release */,
			);
			defaultConfigurationIsVisible = 0;
			defaultConfigurationName = Release;
		};
		38DCC6762A70A8B8006A3633 /* Build configuration list for PBXNativeTarget "Laza" */ = {
			isa = XCConfigurationList;
			buildConfigurations = (
				38DCC6772A70A8B8006A3633 /* Debug */,
				38DCC6782A70A8B8006A3633 /* Release */,
			);
			defaultConfigurationIsVisible = 0;
			defaultConfigurationName = Release;
		};
/* End XCConfigurationList section */

/* Begin XCRemoteSwiftPackageReference section */
		3825DC6C2A7F700800239E55 /* XCRemoteSwiftPackageReference "SnackBar" */ = {
			isa = XCRemoteSwiftPackageReference;
			repositoryURL = "https://github.com/ahmedAlmasri/SnackBar.swift";
			requirement = {
				kind = upToNextMajorVersion;
				minimumVersion = 0.1.2;
			};
		};
		38445CCD2A96F4B500AAB33D /* XCRemoteSwiftPackageReference "GoogleSignIn-iOS" */ = {
			isa = XCRemoteSwiftPackageReference;
			repositoryURL = "https://github.com/google/GoogleSignIn-iOS.git";
			requirement = {
				kind = upToNextMajorVersion;
				minimumVersion = 7.0.0;
			};
		};
		3873C97A2AA06B3B006AA648 /* XCRemoteSwiftPackageReference "SkeletonView" */ = {
			isa = XCRemoteSwiftPackageReference;
			repositoryURL = "https://github.com/Juanpe/SkeletonView.git";
			requirement = {
				branch = main;
				kind = branch;
			};
		};
		38DBEB8E2A7E82C1003BC9F3 /* XCRemoteSwiftPackageReference "SideMenu" */ = {
			isa = XCRemoteSwiftPackageReference;
			repositoryURL = "https://github.com/jonkykong/SideMenu.git";
			requirement = {
				kind = upToNextMajorVersion;
				minimumVersion = 6.0.0;
			};
		};
/* End XCRemoteSwiftPackageReference section */

/* Begin XCSwiftPackageProductDependency section */
		3825DC6D2A7F700800239E55 /* SnackBar */ = {
			isa = XCSwiftPackageProductDependency;
			package = 3825DC6C2A7F700800239E55 /* XCRemoteSwiftPackageReference "SnackBar" */;
			productName = SnackBar;
		};
		38445CCE2A96F4B500AAB33D /* GoogleSignIn */ = {
			isa = XCSwiftPackageProductDependency;
			package = 38445CCD2A96F4B500AAB33D /* XCRemoteSwiftPackageReference "GoogleSignIn-iOS" */;
			productName = GoogleSignIn;
		};
		3873C97B2AA06B3B006AA648 /* SkeletonView */ = {
			isa = XCSwiftPackageProductDependency;
			package = 3873C97A2AA06B3B006AA648 /* XCRemoteSwiftPackageReference "SkeletonView" */;
			productName = SkeletonView;
		};
		38DBEB8F2A7E82C1003BC9F3 /* SideMenu */ = {
			isa = XCSwiftPackageProductDependency;
			package = 38DBEB8E2A7E82C1003BC9F3 /* XCRemoteSwiftPackageReference "SideMenu" */;
			productName = SideMenu;
		};
/* End XCSwiftPackageProductDependency section */

/* Begin XCVersionGroup section */
		385D01972AA476B10037184C /* LazaModel.xcdatamodeld */ = {
			isa = XCVersionGroup;
			children = (
				385D01982AA476B10037184C /* LazaModel.xcdatamodel */,
			);
			currentVersion = 385D01982AA476B10037184C /* LazaModel.xcdatamodel */;
			path = LazaModel.xcdatamodeld;
			sourceTree = "<group>";
			versionGroupType = wrapper.xcdatamodel;
		};
/* End XCVersionGroup section */
	};
	rootObject = 38DCC65A2A70A8B7006A3633 /* Project object */;
}
