// !$*UTF8*$!
{
	archiveVersion = 1;
	classes = {
	};
	objectVersion = 56;
	objects = {

/* Begin PBXBuildFile section */
		3817D67A2A7202A10074D911 /* RoundedButton.swift in Sources */ = {isa = PBXBuildFile; fileRef = 3817D6792A7202A10074D911 /* RoundedButton.swift */; };
		38A9E4382A74FE4000ACBBFD /* StarterViewController.swift in Sources */ = {isa = PBXBuildFile; fileRef = 38A9E4372A74FE4000ACBBFD /* StarterViewController.swift */; };
		38B76D4A2A73B6B800C5DA0B /* DetailViewController.swift in Sources */ = {isa = PBXBuildFile; fileRef = 38B76D492A73B6B800C5DA0B /* DetailViewController.swift */; };
		38B8F0FF2A7215F3003DA0CE /* RoundedView.swift in Sources */ = {isa = PBXBuildFile; fileRef = 38B8F0FE2A7215F3003DA0CE /* RoundedView.swift */; };
		38B8F1012A721615003DA0CE /* RoundedImageView.swift in Sources */ = {isa = PBXBuildFile; fileRef = 38B8F1002A721615003DA0CE /* RoundedImageView.swift */; };
		38C51DBB2A7152BC000324A5 /* ForgotPasswordViewController.swift in Sources */ = {isa = PBXBuildFile; fileRef = 38C51DBA2A7152BC000324A5 /* ForgotPasswordViewController.swift */; };
		38C51DBD2A71559B000324A5 /* Home.storyboard in Resources */ = {isa = PBXBuildFile; fileRef = 38C51DBC2A71559B000324A5 /* Home.storyboard */; };
		38C51DBF2A7155CE000324A5 /* HomeViewController.swift in Sources */ = {isa = PBXBuildFile; fileRef = 38C51DBE2A7155CE000324A5 /* HomeViewController.swift */; };
		38C51DC12A7156E7000324A5 /* WishlistViewController.swift in Sources */ = {isa = PBXBuildFile; fileRef = 38C51DC02A7156E7000324A5 /* WishlistViewController.swift */; };
		38C51DC32A715840000324A5 /* CartViewController.swift in Sources */ = {isa = PBXBuildFile; fileRef = 38C51DC22A715840000324A5 /* CartViewController.swift */; };
		38C51DC52A715849000324A5 /* WalletViewController.swift in Sources */ = {isa = PBXBuildFile; fileRef = 38C51DC42A715849000324A5 /* WalletViewController.swift */; };
		38C51DC72A715A29000324A5 /* Extensions.swift in Sources */ = {isa = PBXBuildFile; fileRef = 38C51DC62A715A29000324A5 /* Extensions.swift */; };
		38C51DC92A715F45000324A5 /* MainTabBarViewController.swift in Sources */ = {isa = PBXBuildFile; fileRef = 38C51DC82A715F45000324A5 /* MainTabBarViewController.swift */; };
		38C51DCC2A7169C4000324A5 /* NetworkManager.swift in Sources */ = {isa = PBXBuildFile; fileRef = 38C51DCB2A7169C4000324A5 /* NetworkManager.swift */; };
		38D1DE342A749347002AB0ED /* User.swift in Sources */ = {isa = PBXBuildFile; fileRef = 38D1DE332A749347002AB0ED /* User.swift */; };
		38D1DE362A74ACB8002AB0ED /* DataPersistentManager.swift in Sources */ = {isa = PBXBuildFile; fileRef = 38D1DE352A74ACB8002AB0ED /* DataPersistentManager.swift */; };
		38D1DE382A74ADD9002AB0ED /* HashingManager.swift in Sources */ = {isa = PBXBuildFile; fileRef = 38D1DE372A74ADD9002AB0ED /* HashingManager.swift */; };
		38D1DE3A2A74AED2002AB0ED /* Password.swift in Sources */ = {isa = PBXBuildFile; fileRef = 38D1DE392A74AED1002AB0ED /* Password.swift */; };
		38D1DE3C2A74B55B002AB0ED /* SignUpViewModel.swift in Sources */ = {isa = PBXBuildFile; fileRef = 38D1DE3B2A74B55B002AB0ED /* SignUpViewModel.swift */; };
		38D1DE3E2A74BE7E002AB0ED /* LoginViewModel.swift in Sources */ = {isa = PBXBuildFile; fileRef = 38D1DE3D2A74BE7E002AB0ED /* LoginViewModel.swift */; };
		38D1DE402A74C5A6002AB0ED /* RegExManager.swift in Sources */ = {isa = PBXBuildFile; fileRef = 38D1DE3F2A74C5A6002AB0ED /* RegExManager.swift */; };
		38D1DE422A74CA54002AB0ED /* UserLogin.swift in Sources */ = {isa = PBXBuildFile; fileRef = 38D1DE412A74CA54002AB0ED /* UserLogin.swift */; };
		38D1DE462A74E342002AB0ED /* HomeViewModel.swift in Sources */ = {isa = PBXBuildFile; fileRef = 38D1DE452A74E342002AB0ED /* HomeViewModel.swift */; };
		38DCC6662A70A8B7006A3633 /* AppDelegate.swift in Sources */ = {isa = PBXBuildFile; fileRef = 38DCC6652A70A8B7006A3633 /* AppDelegate.swift */; };
		38DCC6682A70A8B7006A3633 /* SceneDelegate.swift in Sources */ = {isa = PBXBuildFile; fileRef = 38DCC6672A70A8B7006A3633 /* SceneDelegate.swift */; };
		38DCC66A2A70A8B7006A3633 /* OnboardingViewController.swift in Sources */ = {isa = PBXBuildFile; fileRef = 38DCC6692A70A8B7006A3633 /* OnboardingViewController.swift */; };
		38DCC66D2A70A8B7006A3633 /* Main.storyboard in Resources */ = {isa = PBXBuildFile; fileRef = 38DCC66B2A70A8B7006A3633 /* Main.storyboard */; };
		38DCC66F2A70A8B8006A3633 /* Assets.xcassets in Resources */ = {isa = PBXBuildFile; fileRef = 38DCC66E2A70A8B8006A3633 /* Assets.xcassets */; };
		38DCC6722A70A8B8006A3633 /* LaunchScreen.storyboard in Resources */ = {isa = PBXBuildFile; fileRef = 38DCC6702A70A8B8006A3633 /* LaunchScreen.storyboard */; };
		38DCC6822A70B6D8006A3633 /* Inter-SemiBold.ttf in Resources */ = {isa = PBXBuildFile; fileRef = 38DCC67E2A70B6D8006A3633 /* Inter-SemiBold.ttf */; };
		38DCC6832A70B6D8006A3633 /* Inter-Bold.ttf in Resources */ = {isa = PBXBuildFile; fileRef = 38DCC67F2A70B6D8006A3633 /* Inter-Bold.ttf */; };
		38DCC6842A70B6D8006A3633 /* Inter-Black.ttf in Resources */ = {isa = PBXBuildFile; fileRef = 38DCC6802A70B6D8006A3633 /* Inter-Black.ttf */; };
		38DCC6852A70B6D8006A3633 /* Inter-Regular.ttf in Resources */ = {isa = PBXBuildFile; fileRef = 38DCC6812A70B6D8006A3633 /* Inter-Regular.ttf */; };
		38DCC6872A70B9D7006A3633 /* Inter-Medium.ttf in Resources */ = {isa = PBXBuildFile; fileRef = 38DCC6862A70B9D7006A3633 /* Inter-Medium.ttf */; };
		38DCC6892A70D2C7006A3633 /* GetStartedViewController.swift in Sources */ = {isa = PBXBuildFile; fileRef = 38DCC6882A70D2C7006A3633 /* GetStartedViewController.swift */; };
		38DCC68B2A70D368006A3633 /* CircleButton.swift in Sources */ = {isa = PBXBuildFile; fileRef = 38DCC68A2A70D368006A3633 /* CircleButton.swift */; };
		38E89D602A72EE8800BBDE14 /* Product.swift in Sources */ = {isa = PBXBuildFile; fileRef = 38E89D5F2A72EE8800BBDE14 /* Product.swift */; };
		38E89D622A72F0D900BBDE14 /* ProductCollectionViewCell.swift in Sources */ = {isa = PBXBuildFile; fileRef = 38E89D612A72F0D900BBDE14 /* ProductCollectionViewCell.swift */; };
		38F216032A7218B700952E65 /* BrandCollectionViewCell.swift in Sources */ = {isa = PBXBuildFile; fileRef = 38F216022A7218B700952E65 /* BrandCollectionViewCell.swift */; };
		38FF0E4A2A70F040009B406F /* CustomTextField.swift in Sources */ = {isa = PBXBuildFile; fileRef = 38FF0E492A70F040009B406F /* CustomTextField.swift */; };
		38FF0E4C2A70F478009B406F /* SignUpViewController.swift in Sources */ = {isa = PBXBuildFile; fileRef = 38FF0E4B2A70F478009B406F /* SignUpViewController.swift */; };
		38FF0E4E2A7103C2009B406F /* LoginViewController.swift in Sources */ = {isa = PBXBuildFile; fileRef = 38FF0E4D2A7103C2009B406F /* LoginViewController.swift */; };
/* End PBXBuildFile section */

/* Begin PBXFileReference section */
		3817D6792A7202A10074D911 /* RoundedButton.swift */ = {isa = PBXFileReference; lastKnownFileType = sourcecode.swift; path = RoundedButton.swift; sourceTree = "<group>"; };
		38A9E4372A74FE4000ACBBFD /* StarterViewController.swift */ = {isa = PBXFileReference; lastKnownFileType = sourcecode.swift; path = StarterViewController.swift; sourceTree = "<group>"; };
		38B76D492A73B6B800C5DA0B /* DetailViewController.swift */ = {isa = PBXFileReference; lastKnownFileType = sourcecode.swift; path = DetailViewController.swift; sourceTree = "<group>"; };
		38B8F0FE2A7215F3003DA0CE /* RoundedView.swift */ = {isa = PBXFileReference; lastKnownFileType = sourcecode.swift; path = RoundedView.swift; sourceTree = "<group>"; };
		38B8F1002A721615003DA0CE /* RoundedImageView.swift */ = {isa = PBXFileReference; lastKnownFileType = sourcecode.swift; path = RoundedImageView.swift; sourceTree = "<group>"; };
		38C51DBA2A7152BC000324A5 /* ForgotPasswordViewController.swift */ = {isa = PBXFileReference; lastKnownFileType = sourcecode.swift; path = ForgotPasswordViewController.swift; sourceTree = "<group>"; };
		38C51DBC2A71559B000324A5 /* Home.storyboard */ = {isa = PBXFileReference; lastKnownFileType = file.storyboard; path = Home.storyboard; sourceTree = "<group>"; };
		38C51DBE2A7155CE000324A5 /* HomeViewController.swift */ = {isa = PBXFileReference; lastKnownFileType = sourcecode.swift; path = HomeViewController.swift; sourceTree = "<group>"; };
		38C51DC02A7156E7000324A5 /* WishlistViewController.swift */ = {isa = PBXFileReference; lastKnownFileType = sourcecode.swift; path = WishlistViewController.swift; sourceTree = "<group>"; };
		38C51DC22A715840000324A5 /* CartViewController.swift */ = {isa = PBXFileReference; lastKnownFileType = sourcecode.swift; path = CartViewController.swift; sourceTree = "<group>"; };
		38C51DC42A715849000324A5 /* WalletViewController.swift */ = {isa = PBXFileReference; lastKnownFileType = sourcecode.swift; path = WalletViewController.swift; sourceTree = "<group>"; };
		38C51DC62A715A29000324A5 /* Extensions.swift */ = {isa = PBXFileReference; lastKnownFileType = sourcecode.swift; path = Extensions.swift; sourceTree = "<group>"; };
		38C51DC82A715F45000324A5 /* MainTabBarViewController.swift */ = {isa = PBXFileReference; lastKnownFileType = sourcecode.swift; path = MainTabBarViewController.swift; sourceTree = "<group>"; };
		38C51DCB2A7169C4000324A5 /* NetworkManager.swift */ = {isa = PBXFileReference; lastKnownFileType = sourcecode.swift; path = NetworkManager.swift; sourceTree = "<group>"; };
		38D1DE332A749347002AB0ED /* User.swift */ = {isa = PBXFileReference; lastKnownFileType = sourcecode.swift; path = User.swift; sourceTree = "<group>"; };
		38D1DE352A74ACB8002AB0ED /* DataPersistentManager.swift */ = {isa = PBXFileReference; lastKnownFileType = sourcecode.swift; path = DataPersistentManager.swift; sourceTree = "<group>"; };
		38D1DE372A74ADD9002AB0ED /* HashingManager.swift */ = {isa = PBXFileReference; lastKnownFileType = sourcecode.swift; path = HashingManager.swift; sourceTree = "<group>"; };
		38D1DE392A74AED1002AB0ED /* Password.swift */ = {isa = PBXFileReference; lastKnownFileType = sourcecode.swift; path = Password.swift; sourceTree = "<group>"; };
		38D1DE3B2A74B55B002AB0ED /* SignUpViewModel.swift */ = {isa = PBXFileReference; lastKnownFileType = sourcecode.swift; path = SignUpViewModel.swift; sourceTree = "<group>"; };
		38D1DE3D2A74BE7E002AB0ED /* LoginViewModel.swift */ = {isa = PBXFileReference; lastKnownFileType = sourcecode.swift; path = LoginViewModel.swift; sourceTree = "<group>"; };
		38D1DE3F2A74C5A6002AB0ED /* RegExManager.swift */ = {isa = PBXFileReference; lastKnownFileType = sourcecode.swift; path = RegExManager.swift; sourceTree = "<group>"; };
		38D1DE412A74CA54002AB0ED /* UserLogin.swift */ = {isa = PBXFileReference; lastKnownFileType = sourcecode.swift; path = UserLogin.swift; sourceTree = "<group>"; };
		38D1DE452A74E342002AB0ED /* HomeViewModel.swift */ = {isa = PBXFileReference; lastKnownFileType = sourcecode.swift; path = HomeViewModel.swift; sourceTree = "<group>"; };
		38DCC6622A70A8B7006A3633 /* Laza.app */ = {isa = PBXFileReference; explicitFileType = wrapper.application; includeInIndex = 0; path = Laza.app; sourceTree = BUILT_PRODUCTS_DIR; };
		38DCC6652A70A8B7006A3633 /* AppDelegate.swift */ = {isa = PBXFileReference; lastKnownFileType = sourcecode.swift; path = AppDelegate.swift; sourceTree = "<group>"; };
		38DCC6672A70A8B7006A3633 /* SceneDelegate.swift */ = {isa = PBXFileReference; lastKnownFileType = sourcecode.swift; path = SceneDelegate.swift; sourceTree = "<group>"; };
		38DCC6692A70A8B7006A3633 /* OnboardingViewController.swift */ = {isa = PBXFileReference; lastKnownFileType = sourcecode.swift; path = OnboardingViewController.swift; sourceTree = "<group>"; };
		38DCC66C2A70A8B7006A3633 /* Base */ = {isa = PBXFileReference; lastKnownFileType = file.storyboard; name = Base; path = Base.lproj/Main.storyboard; sourceTree = "<group>"; };
		38DCC66E2A70A8B8006A3633 /* Assets.xcassets */ = {isa = PBXFileReference; lastKnownFileType = folder.assetcatalog; path = Assets.xcassets; sourceTree = "<group>"; };
		38DCC6712A70A8B8006A3633 /* Base */ = {isa = PBXFileReference; lastKnownFileType = file.storyboard; name = Base; path = Base.lproj/LaunchScreen.storyboard; sourceTree = "<group>"; };
		38DCC6732A70A8B8006A3633 /* Info.plist */ = {isa = PBXFileReference; lastKnownFileType = text.plist.xml; path = Info.plist; sourceTree = "<group>"; };
		38DCC67E2A70B6D8006A3633 /* Inter-SemiBold.ttf */ = {isa = PBXFileReference; lastKnownFileType = file; name = "Inter-SemiBold.ttf"; path = "../../../../../Downloads/Inter/static/Inter-SemiBold.ttf"; sourceTree = "<group>"; };
		38DCC67F2A70B6D8006A3633 /* Inter-Bold.ttf */ = {isa = PBXFileReference; lastKnownFileType = file; name = "Inter-Bold.ttf"; path = "../../../../../Downloads/Inter/static/Inter-Bold.ttf"; sourceTree = "<group>"; };
		38DCC6802A70B6D8006A3633 /* Inter-Black.ttf */ = {isa = PBXFileReference; lastKnownFileType = file; name = "Inter-Black.ttf"; path = "../../../../../Downloads/Inter/static/Inter-Black.ttf"; sourceTree = "<group>"; };
		38DCC6812A70B6D8006A3633 /* Inter-Regular.ttf */ = {isa = PBXFileReference; lastKnownFileType = file; name = "Inter-Regular.ttf"; path = "../../../../../Downloads/Inter/static/Inter-Regular.ttf"; sourceTree = "<group>"; };
		38DCC6862A70B9D7006A3633 /* Inter-Medium.ttf */ = {isa = PBXFileReference; lastKnownFileType = file; name = "Inter-Medium.ttf"; path = "../../../../../Downloads/Inter/static/Inter-Medium.ttf"; sourceTree = "<group>"; };
		38DCC6882A70D2C7006A3633 /* GetStartedViewController.swift */ = {isa = PBXFileReference; lastKnownFileType = sourcecode.swift; path = GetStartedViewController.swift; sourceTree = "<group>"; };
		38DCC68A2A70D368006A3633 /* CircleButton.swift */ = {isa = PBXFileReference; lastKnownFileType = sourcecode.swift; path = CircleButton.swift; sourceTree = "<group>"; };
		38E89D5F2A72EE8800BBDE14 /* Product.swift */ = {isa = PBXFileReference; lastKnownFileType = sourcecode.swift; path = Product.swift; sourceTree = "<group>"; };
		38E89D612A72F0D900BBDE14 /* ProductCollectionViewCell.swift */ = {isa = PBXFileReference; lastKnownFileType = sourcecode.swift; path = ProductCollectionViewCell.swift; sourceTree = "<group>"; };
		38F216022A7218B700952E65 /* BrandCollectionViewCell.swift */ = {isa = PBXFileReference; lastKnownFileType = sourcecode.swift; path = BrandCollectionViewCell.swift; sourceTree = "<group>"; };
		38FF0E492A70F040009B406F /* CustomTextField.swift */ = {isa = PBXFileReference; lastKnownFileType = sourcecode.swift; path = CustomTextField.swift; sourceTree = "<group>"; };
		38FF0E4B2A70F478009B406F /* SignUpViewController.swift */ = {isa = PBXFileReference; lastKnownFileType = sourcecode.swift; path = SignUpViewController.swift; sourceTree = "<group>"; };
		38FF0E4D2A7103C2009B406F /* LoginViewController.swift */ = {isa = PBXFileReference; lastKnownFileType = sourcecode.swift; path = LoginViewController.swift; sourceTree = "<group>"; };
/* End PBXFileReference section */

/* Begin PBXFrameworksBuildPhase section */
		38DCC65F2A70A8B7006A3633 /* Frameworks */ = {
			isa = PBXFrameworksBuildPhase;
			buildActionMask = 2147483647;
			files = (
			);
			runOnlyForDeploymentPostprocessing = 0;
		};
/* End PBXFrameworksBuildPhase section */

/* Begin PBXGroup section */
		38C51DCA2A7169B5000324A5 /* Managers */ = {
			isa = PBXGroup;
			children = (
				38C51DCB2A7169C4000324A5 /* NetworkManager.swift */,
				38D1DE352A74ACB8002AB0ED /* DataPersistentManager.swift */,
				38D1DE372A74ADD9002AB0ED /* HashingManager.swift */,
				38D1DE3F2A74C5A6002AB0ED /* RegExManager.swift */,
			);
			path = Managers;
			sourceTree = "<group>";
		};
		38DCC6592A70A8B6006A3633 = {
			isa = PBXGroup;
			children = (
				38DCC6642A70A8B7006A3633 /* Laza */,
				38DCC6632A70A8B7006A3633 /* Products */,
			);
			sourceTree = "<group>";
		};
		38DCC6632A70A8B7006A3633 /* Products */ = {
			isa = PBXGroup;
			children = (
				38DCC6622A70A8B7006A3633 /* Laza.app */,
			);
			name = Products;
			sourceTree = "<group>";
		};
		38DCC6642A70A8B7006A3633 /* Laza */ = {
			isa = PBXGroup;
			children = (
				38DCC67D2A70B6CF006A3633 /* Fonts */,
				38C51DCA2A7169B5000324A5 /* Managers */,
				38DCC67B2A70B342006A3633 /* Models */,
				38DCC67C2A70B348006A3633 /* Views */,
				38DCC67A2A70B33C006A3633 /* ViewModels */,
				38DCC6792A70B31F006A3633 /* Controllers */,
				38DCC6652A70A8B7006A3633 /* AppDelegate.swift */,
				38DCC6672A70A8B7006A3633 /* SceneDelegate.swift */,
				38DCC66B2A70A8B7006A3633 /* Main.storyboard */,
				38C51DBC2A71559B000324A5 /* Home.storyboard */,
				38DCC66E2A70A8B8006A3633 /* Assets.xcassets */,
				38DCC6702A70A8B8006A3633 /* LaunchScreen.storyboard */,
				38DCC6732A70A8B8006A3633 /* Info.plist */,
				38C51DC62A715A29000324A5 /* Extensions.swift */,
			);
			path = Laza;
			sourceTree = "<group>";
		};
		38DCC6792A70B31F006A3633 /* Controllers */ = {
			isa = PBXGroup;
			children = (
				38DCC6692A70A8B7006A3633 /* OnboardingViewController.swift */,
				38DCC6882A70D2C7006A3633 /* GetStartedViewController.swift */,
				38FF0E4B2A70F478009B406F /* SignUpViewController.swift */,
				38FF0E4D2A7103C2009B406F /* LoginViewController.swift */,
				38C51DBA2A7152BC000324A5 /* ForgotPasswordViewController.swift */,
				38C51DBE2A7155CE000324A5 /* HomeViewController.swift */,
				38C51DC02A7156E7000324A5 /* WishlistViewController.swift */,
				38C51DC22A715840000324A5 /* CartViewController.swift */,
				38C51DC42A715849000324A5 /* WalletViewController.swift */,
				38C51DC82A715F45000324A5 /* MainTabBarViewController.swift */,
				38B76D492A73B6B800C5DA0B /* DetailViewController.swift */,
				38A9E4372A74FE4000ACBBFD /* StarterViewController.swift */,
			);
			path = Controllers;
			sourceTree = "<group>";
		};
		38DCC67A2A70B33C006A3633 /* ViewModels */ = {
			isa = PBXGroup;
			children = (
				38D1DE3B2A74B55B002AB0ED /* SignUpViewModel.swift */,
				38D1DE3D2A74BE7E002AB0ED /* LoginViewModel.swift */,
				38D1DE452A74E342002AB0ED /* HomeViewModel.swift */,
			);
			path = ViewModels;
			sourceTree = "<group>";
		};
		38DCC67B2A70B342006A3633 /* Models */ = {
			isa = PBXGroup;
			children = (
				38E89D5F2A72EE8800BBDE14 /* Product.swift */,
				38D1DE332A749347002AB0ED /* User.swift */,
				38D1DE392A74AED1002AB0ED /* Password.swift */,
				38D1DE412A74CA54002AB0ED /* UserLogin.swift */,
			);
			path = Models;
			sourceTree = "<group>";
		};
		38DCC67C2A70B348006A3633 /* Views */ = {
			isa = PBXGroup;
			children = (
				38DCC68A2A70D368006A3633 /* CircleButton.swift */,
				38FF0E492A70F040009B406F /* CustomTextField.swift */,
				3817D6792A7202A10074D911 /* RoundedButton.swift */,
				38B8F0FE2A7215F3003DA0CE /* RoundedView.swift */,
				38B8F1002A721615003DA0CE /* RoundedImageView.swift */,
				38F216022A7218B700952E65 /* BrandCollectionViewCell.swift */,
				38E89D612A72F0D900BBDE14 /* ProductCollectionViewCell.swift */,
			);
			path = Views;
			sourceTree = "<group>";
		};
		38DCC67D2A70B6CF006A3633 /* Fonts */ = {
			isa = PBXGroup;
			children = (
				38DCC6862A70B9D7006A3633 /* Inter-Medium.ttf */,
				38DCC6802A70B6D8006A3633 /* Inter-Black.ttf */,
				38DCC67F2A70B6D8006A3633 /* Inter-Bold.ttf */,
				38DCC6812A70B6D8006A3633 /* Inter-Regular.ttf */,
				38DCC67E2A70B6D8006A3633 /* Inter-SemiBold.ttf */,
			);
			path = Fonts;
			sourceTree = "<group>";
		};
/* End PBXGroup section */

/* Begin PBXNativeTarget section */
		38DCC6612A70A8B7006A3633 /* Laza */ = {
			isa = PBXNativeTarget;
			buildConfigurationList = 38DCC6762A70A8B8006A3633 /* Build configuration list for PBXNativeTarget "Laza" */;
			buildPhases = (
				38DCC65E2A70A8B7006A3633 /* Sources */,
				38DCC65F2A70A8B7006A3633 /* Frameworks */,
				38DCC6602A70A8B7006A3633 /* Resources */,
			);
			buildRules = (
			);
			dependencies = (
			);
			name = Laza;
			productName = Laza;
			productReference = 38DCC6622A70A8B7006A3633 /* Laza.app */;
			productType = "com.apple.product-type.application";
		};
/* End PBXNativeTarget section */

/* Begin PBXProject section */
		38DCC65A2A70A8B7006A3633 /* Project object */ = {
			isa = PBXProject;
			attributes = {
				BuildIndependentTargetsInParallel = 1;
				LastSwiftUpdateCheck = 1420;
				LastUpgradeCheck = 1420;
				TargetAttributes = {
					38DCC6612A70A8B7006A3633 = {
						CreatedOnToolsVersion = 14.2;
					};
				};
			};
			buildConfigurationList = 38DCC65D2A70A8B7006A3633 /* Build configuration list for PBXProject "Laza" */;
			compatibilityVersion = "Xcode 14.0";
			developmentRegion = en;
			hasScannedForEncodings = 0;
			knownRegions = (
				en,
				Base,
			);
			mainGroup = 38DCC6592A70A8B6006A3633;
			productRefGroup = 38DCC6632A70A8B7006A3633 /* Products */;
			projectDirPath = "";
			projectRoot = "";
			targets = (
				38DCC6612A70A8B7006A3633 /* Laza */,
			);
		};
/* End PBXProject section */

/* Begin PBXResourcesBuildPhase section */
		38DCC6602A70A8B7006A3633 /* Resources */ = {
			isa = PBXResourcesBuildPhase;
			buildActionMask = 2147483647;
			files = (
				38DCC6822A70B6D8006A3633 /* Inter-SemiBold.ttf in Resources */,
				38DCC6842A70B6D8006A3633 /* Inter-Black.ttf in Resources */,
				38DCC6832A70B6D8006A3633 /* Inter-Bold.ttf in Resources */,
				38C51DBD2A71559B000324A5 /* Home.storyboard in Resources */,
				38DCC6722A70A8B8006A3633 /* LaunchScreen.storyboard in Resources */,
				38DCC6872A70B9D7006A3633 /* Inter-Medium.ttf in Resources */,
				38DCC66F2A70A8B8006A3633 /* Assets.xcassets in Resources */,
				38DCC66D2A70A8B7006A3633 /* Main.storyboard in Resources */,
				38DCC6852A70B6D8006A3633 /* Inter-Regular.ttf in Resources */,
			);
			runOnlyForDeploymentPostprocessing = 0;
		};
/* End PBXResourcesBuildPhase section */

/* Begin PBXSourcesBuildPhase section */
		38DCC65E2A70A8B7006A3633 /* Sources */ = {
			isa = PBXSourcesBuildPhase;
			buildActionMask = 2147483647;
			files = (
				38D1DE422A74CA54002AB0ED /* UserLogin.swift in Sources */,
				38A9E4382A74FE4000ACBBFD /* StarterViewController.swift in Sources */,
				38C51DC92A715F45000324A5 /* MainTabBarViewController.swift in Sources */,
				38DCC68B2A70D368006A3633 /* CircleButton.swift in Sources */,
				38D1DE462A74E342002AB0ED /* HomeViewModel.swift in Sources */,
				38B76D4A2A73B6B800C5DA0B /* DetailViewController.swift in Sources */,
				38E89D622A72F0D900BBDE14 /* ProductCollectionViewCell.swift in Sources */,
				38B8F0FF2A7215F3003DA0CE /* RoundedView.swift in Sources */,
				38FF0E4C2A70F478009B406F /* SignUpViewController.swift in Sources */,
				38D1DE3C2A74B55B002AB0ED /* SignUpViewModel.swift in Sources */,
				38C51DC12A7156E7000324A5 /* WishlistViewController.swift in Sources */,
				38D1DE382A74ADD9002AB0ED /* HashingManager.swift in Sources */,
				38C51DCC2A7169C4000324A5 /* NetworkManager.swift in Sources */,
				38D1DE362A74ACB8002AB0ED /* DataPersistentManager.swift in Sources */,
				38F216032A7218B700952E65 /* BrandCollectionViewCell.swift in Sources */,
				38DCC66A2A70A8B7006A3633 /* OnboardingViewController.swift in Sources */,
				38C51DC52A715849000324A5 /* WalletViewController.swift in Sources */,
				38C51DC32A715840000324A5 /* CartViewController.swift in Sources */,
				38FF0E4A2A70F040009B406F /* CustomTextField.swift in Sources */,
				38FF0E4E2A7103C2009B406F /* LoginViewController.swift in Sources */,
				38C51DBF2A7155CE000324A5 /* HomeViewController.swift in Sources */,
				3817D67A2A7202A10074D911 /* RoundedButton.swift in Sources */,
				38C51DBB2A7152BC000324A5 /* ForgotPasswordViewController.swift in Sources */,
				38B8F1012A721615003DA0CE /* RoundedImageView.swift in Sources */,
				38D1DE3E2A74BE7E002AB0ED /* LoginViewModel.swift in Sources */,
				38DCC6662A70A8B7006A3633 /* AppDelegate.swift in Sources */,
				38D1DE3A2A74AED2002AB0ED /* Password.swift in Sources */,
				38DCC6682A70A8B7006A3633 /* SceneDelegate.swift in Sources */,
				38D1DE342A749347002AB0ED /* User.swift in Sources */,
				38DCC6892A70D2C7006A3633 /* GetStartedViewController.swift in Sources */,
				38C51DC72A715A29000324A5 /* Extensions.swift in Sources */,
				38E89D602A72EE8800BBDE14 /* Product.swift in Sources */,
				38D1DE402A74C5A6002AB0ED /* RegExManager.swift in Sources */,
			);
			runOnlyForDeploymentPostprocessing = 0;
		};
/* End PBXSourcesBuildPhase section */

/* Begin PBXVariantGroup section */
		38DCC66B2A70A8B7006A3633 /* Main.storyboard */ = {
			isa = PBXVariantGroup;
			children = (
				38DCC66C2A70A8B7006A3633 /* Base */,
			);
			name = Main.storyboard;
			sourceTree = "<group>";
		};
		38DCC6702A70A8B8006A3633 /* LaunchScreen.storyboard */ = {
			isa = PBXVariantGroup;
			children = (
				38DCC6712A70A8B8006A3633 /* Base */,
			);
			name = LaunchScreen.storyboard;
			sourceTree = "<group>";
		};
/* End PBXVariantGroup section */

/* Begin XCBuildConfiguration section */
		38DCC6742A70A8B8006A3633 /* Debug */ = {
			isa = XCBuildConfiguration;
			buildSettings = {
				ALWAYS_SEARCH_USER_PATHS = NO;
				CLANG_ANALYZER_NONNULL = YES;
				CLANG_ANALYZER_NUMBER_OBJECT_CONVERSION = YES_AGGRESSIVE;
				CLANG_CXX_LANGUAGE_STANDARD = "gnu++20";
				CLANG_ENABLE_MODULES = YES;
				CLANG_ENABLE_OBJC_ARC = YES;
				CLANG_ENABLE_OBJC_WEAK = YES;
				CLANG_WARN_BLOCK_CAPTURE_AUTORELEASING = YES;
				CLANG_WARN_BOOL_CONVERSION = YES;
				CLANG_WARN_COMMA = YES;
				CLANG_WARN_CONSTANT_CONVERSION = YES;
				CLANG_WARN_DEPRECATED_OBJC_IMPLEMENTATIONS = YES;
				CLANG_WARN_DIRECT_OBJC_ISA_USAGE = YES_ERROR;
				CLANG_WARN_DOCUMENTATION_COMMENTS = YES;
				CLANG_WARN_EMPTY_BODY = YES;
				CLANG_WARN_ENUM_CONVERSION = YES;
				CLANG_WARN_INFINITE_RECURSION = YES;
				CLANG_WARN_INT_CONVERSION = YES;
				CLANG_WARN_NON_LITERAL_NULL_CONVERSION = YES;
				CLANG_WARN_OBJC_IMPLICIT_RETAIN_SELF = YES;
				CLANG_WARN_OBJC_LITERAL_CONVERSION = YES;
				CLANG_WARN_OBJC_ROOT_CLASS = YES_ERROR;
				CLANG_WARN_QUOTED_INCLUDE_IN_FRAMEWORK_HEADER = YES;
				CLANG_WARN_RANGE_LOOP_ANALYSIS = YES;
				CLANG_WARN_STRICT_PROTOTYPES = YES;
				CLANG_WARN_SUSPICIOUS_MOVE = YES;
				CLANG_WARN_UNGUARDED_AVAILABILITY = YES_AGGRESSIVE;
				CLANG_WARN_UNREACHABLE_CODE = YES;
				CLANG_WARN__DUPLICATE_METHOD_MATCH = YES;
				COPY_PHASE_STRIP = NO;
				DEBUG_INFORMATION_FORMAT = dwarf;
				ENABLE_STRICT_OBJC_MSGSEND = YES;
				ENABLE_TESTABILITY = YES;
				GCC_C_LANGUAGE_STANDARD = gnu11;
				GCC_DYNAMIC_NO_PIC = NO;
				GCC_NO_COMMON_BLOCKS = YES;
				GCC_OPTIMIZATION_LEVEL = 0;
				GCC_PREPROCESSOR_DEFINITIONS = (
					"DEBUG=1",
					"$(inherited)",
				);
				GCC_WARN_64_TO_32_BIT_CONVERSION = YES;
				GCC_WARN_ABOUT_RETURN_TYPE = YES_ERROR;
				GCC_WARN_UNDECLARED_SELECTOR = YES;
				GCC_WARN_UNINITIALIZED_AUTOS = YES_AGGRESSIVE;
				GCC_WARN_UNUSED_FUNCTION = YES;
				GCC_WARN_UNUSED_VARIABLE = YES;
				IPHONEOS_DEPLOYMENT_TARGET = 16.2;
				MTL_ENABLE_DEBUG_INFO = INCLUDE_SOURCE;
				MTL_FAST_MATH = YES;
				ONLY_ACTIVE_ARCH = YES;
				SDKROOT = iphoneos;
				SWIFT_ACTIVE_COMPILATION_CONDITIONS = DEBUG;
				SWIFT_OPTIMIZATION_LEVEL = "-Onone";
			};
			name = Debug;
		};
		38DCC6752A70A8B8006A3633 /* Release */ = {
			isa = XCBuildConfiguration;
			buildSettings = {
				ALWAYS_SEARCH_USER_PATHS = NO;
				CLANG_ANALYZER_NONNULL = YES;
				CLANG_ANALYZER_NUMBER_OBJECT_CONVERSION = YES_AGGRESSIVE;
				CLANG_CXX_LANGUAGE_STANDARD = "gnu++20";
				CLANG_ENABLE_MODULES = YES;
				CLANG_ENABLE_OBJC_ARC = YES;
				CLANG_ENABLE_OBJC_WEAK = YES;
				CLANG_WARN_BLOCK_CAPTURE_AUTORELEASING = YES;
				CLANG_WARN_BOOL_CONVERSION = YES;
				CLANG_WARN_COMMA = YES;
				CLANG_WARN_CONSTANT_CONVERSION = YES;
				CLANG_WARN_DEPRECATED_OBJC_IMPLEMENTATIONS = YES;
				CLANG_WARN_DIRECT_OBJC_ISA_USAGE = YES_ERROR;
				CLANG_WARN_DOCUMENTATION_COMMENTS = YES;
				CLANG_WARN_EMPTY_BODY = YES;
				CLANG_WARN_ENUM_CONVERSION = YES;
				CLANG_WARN_INFINITE_RECURSION = YES;
				CLANG_WARN_INT_CONVERSION = YES;
				CLANG_WARN_NON_LITERAL_NULL_CONVERSION = YES;
				CLANG_WARN_OBJC_IMPLICIT_RETAIN_SELF = YES;
				CLANG_WARN_OBJC_LITERAL_CONVERSION = YES;
				CLANG_WARN_OBJC_ROOT_CLASS = YES_ERROR;
				CLANG_WARN_QUOTED_INCLUDE_IN_FRAMEWORK_HEADER = YES;
				CLANG_WARN_RANGE_LOOP_ANALYSIS = YES;
				CLANG_WARN_STRICT_PROTOTYPES = YES;
				CLANG_WARN_SUSPICIOUS_MOVE = YES;
				CLANG_WARN_UNGUARDED_AVAILABILITY = YES_AGGRESSIVE;
				CLANG_WARN_UNREACHABLE_CODE = YES;
				CLANG_WARN__DUPLICATE_METHOD_MATCH = YES;
				COPY_PHASE_STRIP = NO;
				DEBUG_INFORMATION_FORMAT = "dwarf-with-dsym";
				ENABLE_NS_ASSERTIONS = NO;
				ENABLE_STRICT_OBJC_MSGSEND = YES;
				GCC_C_LANGUAGE_STANDARD = gnu11;
				GCC_NO_COMMON_BLOCKS = YES;
				GCC_WARN_64_TO_32_BIT_CONVERSION = YES;
				GCC_WARN_ABOUT_RETURN_TYPE = YES_ERROR;
				GCC_WARN_UNDECLARED_SELECTOR = YES;
				GCC_WARN_UNINITIALIZED_AUTOS = YES_AGGRESSIVE;
				GCC_WARN_UNUSED_FUNCTION = YES;
				GCC_WARN_UNUSED_VARIABLE = YES;
				IPHONEOS_DEPLOYMENT_TARGET = 16.2;
				MTL_ENABLE_DEBUG_INFO = NO;
				MTL_FAST_MATH = YES;
				SDKROOT = iphoneos;
				SWIFT_COMPILATION_MODE = wholemodule;
				SWIFT_OPTIMIZATION_LEVEL = "-O";
				VALIDATE_PRODUCT = YES;
			};
			name = Release;
		};
		38DCC6772A70A8B8006A3633 /* Debug */ = {
			isa = XCBuildConfiguration;
			buildSettings = {
				ASSETCATALOG_COMPILER_APPICON_NAME = AppIcon;
				ASSETCATALOG_COMPILER_GLOBAL_ACCENT_COLOR_NAME = AccentColor;
				CODE_SIGN_STYLE = Automatic;
				CURRENT_PROJECT_VERSION = 1;
				DEVELOPMENT_TEAM = A2WQZ32XVK;
				GENERATE_INFOPLIST_FILE = YES;
				INFOPLIST_FILE = Laza/Info.plist;
				INFOPLIST_KEY_UIApplicationSupportsIndirectInputEvents = YES;
				INFOPLIST_KEY_UILaunchStoryboardName = LaunchScreen;
				INFOPLIST_KEY_UIMainStoryboardFile = Main;
				INFOPLIST_KEY_UISupportedInterfaceOrientations_iPad = "UIInterfaceOrientationPortrait UIInterfaceOrientationPortraitUpsideDown UIInterfaceOrientationLandscapeLeft UIInterfaceOrientationLandscapeRight";
				INFOPLIST_KEY_UISupportedInterfaceOrientations_iPhone = "UIInterfaceOrientationPortrait UIInterfaceOrientationLandscapeLeft UIInterfaceOrientationLandscapeRight";
				LD_RUNPATH_SEARCH_PATHS = (
					"$(inherited)",
					"@executable_path/Frameworks",
				);
				MARKETING_VERSION = 1.0;
				PRODUCT_BUNDLE_IDENTIFIER = com.dimaswisodewo.Laza;
				PRODUCT_NAME = "$(TARGET_NAME)";
				SWIFT_EMIT_LOC_STRINGS = YES;
				SWIFT_VERSION = 5.0;
				TARGETED_DEVICE_FAMILY = "1,2";
			};
			name = Debug;
		};
		38DCC6782A70A8B8006A3633 /* Release */ = {
			isa = XCBuildConfiguration;
			buildSettings = {
				ASSETCATALOG_COMPILER_APPICON_NAME = AppIcon;
				ASSETCATALOG_COMPILER_GLOBAL_ACCENT_COLOR_NAME = AccentColor;
				CODE_SIGN_STYLE = Automatic;
				CURRENT_PROJECT_VERSION = 1;
				DEVELOPMENT_TEAM = A2WQZ32XVK;
				GENERATE_INFOPLIST_FILE = YES;
				INFOPLIST_FILE = Laza/Info.plist;
				INFOPLIST_KEY_UIApplicationSupportsIndirectInputEvents = YES;
				INFOPLIST_KEY_UILaunchStoryboardName = LaunchScreen;
				INFOPLIST_KEY_UIMainStoryboardFile = Main;
				INFOPLIST_KEY_UISupportedInterfaceOrientations_iPad = "UIInterfaceOrientationPortrait UIInterfaceOrientationPortraitUpsideDown UIInterfaceOrientationLandscapeLeft UIInterfaceOrientationLandscapeRight";
				INFOPLIST_KEY_UISupportedInterfaceOrientations_iPhone = "UIInterfaceOrientationPortrait UIInterfaceOrientationLandscapeLeft UIInterfaceOrientationLandscapeRight";
				LD_RUNPATH_SEARCH_PATHS = (
					"$(inherited)",
					"@executable_path/Frameworks",
				);
				MARKETING_VERSION = 1.0;
				PRODUCT_BUNDLE_IDENTIFIER = com.dimaswisodewo.Laza;
				PRODUCT_NAME = "$(TARGET_NAME)";
				SWIFT_EMIT_LOC_STRINGS = YES;
				SWIFT_VERSION = 5.0;
				TARGETED_DEVICE_FAMILY = "1,2";
			};
			name = Release;
		};
/* End XCBuildConfiguration section */

/* Begin XCConfigurationList section */
		38DCC65D2A70A8B7006A3633 /* Build configuration list for PBXProject "Laza" */ = {
			isa = XCConfigurationList;
			buildConfigurations = (
				38DCC6742A70A8B8006A3633 /* Debug */,
				38DCC6752A70A8B8006A3633 /* Release */,
			);
			defaultConfigurationIsVisible = 0;
			defaultConfigurationName = Release;
		};
		38DCC6762A70A8B8006A3633 /* Build configuration list for PBXNativeTarget "Laza" */ = {
			isa = XCConfigurationList;
			buildConfigurations = (
				38DCC6772A70A8B8006A3633 /* Debug */,
				38DCC6782A70A8B8006A3633 /* Release */,
			);
			defaultConfigurationIsVisible = 0;
			defaultConfigurationName = Release;
		};
/* End XCConfigurationList section */
	};
	rootObject = 38DCC65A2A70A8B7006A3633 /* Project object */;
}
